// !$*UTF8*$!
{
	archiveVersion = 1;
	classes = {
	};
	objectVersion = 48;
	objects = {

/* Begin PBXBuildFile section */
		CCE90FC70675E381BDDE5FC7 /* Pods_AddMe.framework in Frameworks */ = {isa = PBXBuildFile; fileRef = 0E271F5EC657EB7E6269AE5C /* Pods_AddMe.framework */; };
		DA2B25F7204E2623004D3160 /* CredentialsManager.swift in Sources */ = {isa = PBXBuildFile; fileRef = DA2B25F6204E2623004D3160 /* CredentialsManager.swift */; };
		DA4388EF2086747000E0CD0D /* CameraViewController.swift in Sources */ = {isa = PBXBuildFile; fileRef = DA4388EE2086747000E0CD0D /* CameraViewController.swift */; };
		DA4388F3208AA6EC00E0CD0D /* ScanTabViewController.swift in Sources */ = {isa = PBXBuildFile; fileRef = DA4388F2208AA6EC00E0CD0D /* ScanTabViewController.swift */; };
		DA68505D205B5FA300BA36DE /* HelpViewController.swift in Sources */ = {isa = PBXBuildFile; fileRef = DA68505C205B5FA300BA36DE /* HelpViewController.swift */; };
		DA6A7EEA2037859800E79B47 /* AppDelegate.swift in Sources */ = {isa = PBXBuildFile; fileRef = DA6A7EE92037859800E79B47 /* AppDelegate.swift */; };
		DA6A7EEC2037859800E79B47 /* ViewController.swift in Sources */ = {isa = PBXBuildFile; fileRef = DA6A7EEB2037859800E79B47 /* ViewController.swift */; };
		DA6A7EEF2037859800E79B47 /* Main.storyboard in Resources */ = {isa = PBXBuildFile; fileRef = DA6A7EED2037859800E79B47 /* Main.storyboard */; };
		DA6A7EF12037859800E79B47 /* Assets.xcassets in Resources */ = {isa = PBXBuildFile; fileRef = DA6A7EF02037859800E79B47 /* Assets.xcassets */; };
		DA6A7EF42037859800E79B47 /* LaunchScreen.storyboard in Resources */ = {isa = PBXBuildFile; fileRef = DA6A7EF22037859800E79B47 /* LaunchScreen.storyboard */; };
		DAA7D4DF208568F000E62E04 /* Apps.swift in Sources */ = {isa = PBXBuildFile; fileRef = DAA7D4DE208568F000E62E04 /* Apps.swift */; };
		DAA7D4E32085690F00E62E04 /* SettingsTableViewCell.swift in Sources */ = {isa = PBXBuildFile; fileRef = DAA7D4E22085690F00E62E04 /* SettingsTableViewCell.swift */; };
		DAA7D4E9208598D800E62E04 /* ProfileImage.swift in Sources */ = {isa = PBXBuildFile; fileRef = DAA7D4E8208598D800E62E04 /* ProfileImage.swift */; };
		DAD432F7203D02240033EF35 /* awsconfiguration.json in Resources */ = {isa = PBXBuildFile; fileRef = DAD432F6203D02240033EF35 /* awsconfiguration.json */; };
		DAD432F9203D03F70033EF35 /* User.swift in Sources */ = {isa = PBXBuildFile; fileRef = DAD432F8203D03F70033EF35 /* User.swift */; };
		DAD432FB203F989B0033EF35 /* SafariServices.framework in Frameworks */ = {isa = PBXBuildFile; fileRef = DAD432FA203F989B0033EF35 /* SafariServices.framework */; };
		DAD432FD203F98A30033EF35 /* SystemConfiguration.framework in Frameworks */ = {isa = PBXBuildFile; fileRef = DAD432FC203F98A20033EF35 /* SystemConfiguration.framework */; };
		DAD432FF203F9AE30033EF35 /* FacebookProvider.swift in Sources */ = {isa = PBXBuildFile; fileRef = DAD432FE203F9AE30033EF35 /* FacebookProvider.swift */; };
		DAD4330520411FB60033EF35 /* ScannerViewController.swift in Sources */ = {isa = PBXBuildFile; fileRef = DAD4330420411FB60033EF35 /* ScannerViewController.swift */; };
		DAD96CF62043458000F1525E /* QRCodeViewController.swift in Sources */ = {isa = PBXBuildFile; fileRef = DAD96CF52043458000F1525E /* QRCodeViewController.swift */; };
		DAD96CF82043522C00F1525E /* SettingsViewController.swift in Sources */ = {isa = PBXBuildFile; fileRef = DAD96CF72043522C00F1525E /* SettingsViewController.swift */; };
		DAD96CFA2044B13C00F1525E /* SideMenuViewController.swift in Sources */ = {isa = PBXBuildFile; fileRef = DAD96CF92044B13C00F1525E /* SideMenuViewController.swift */; };
		DAD96CFC2044C1FF00F1525E /* CustomButton.swift in Sources */ = {isa = PBXBuildFile; fileRef = DAD96CFB2044C1FF00F1525E /* CustomButton.swift */; };
		DAD96CFE2045F0ED00F1525E /* AddAppViewController.swift in Sources */ = {isa = PBXBuildFile; fileRef = DAD96CFD2045F0ED00F1525E /* AddAppViewController.swift */; };
		DAD96D002045F59F00F1525E /* CollectionViewCell.swift in Sources */ = {isa = PBXBuildFile; fileRef = DAD96CFF2045F59F00F1525E /* CollectionViewCell.swift */; };
		DAD96D082045FA2F00F1525E /* DataStore.swift in Sources */ = {isa = PBXBuildFile; fileRef = DAD96D072045FA2F00F1525E /* DataStore.swift */; };
		DAD96D0A2046399500F1525E /* AppsTableViewCell.swift in Sources */ = {isa = PBXBuildFile; fileRef = DAD96D092046399500F1525E /* AppsTableViewCell.swift */; };
		DAE8E583205EC30D003FE099 /* Dataset.swift in Sources */ = {isa = PBXBuildFile; fileRef = DAE8E582205EC30D003FE099 /* Dataset.swift */; };
/* End PBXBuildFile section */

/* Begin PBXFileReference section */
		0E271F5EC657EB7E6269AE5C /* Pods_AddMe.framework */ = {isa = PBXFileReference; explicitFileType = wrapper.framework; includeInIndex = 0; path = Pods_AddMe.framework; sourceTree = BUILT_PRODUCTS_DIR; };
		DA2B25F6204E2623004D3160 /* CredentialsManager.swift */ = {isa = PBXFileReference; lastKnownFileType = sourcecode.swift; path = CredentialsManager.swift; sourceTree = "<group>"; };
		DA4388EE2086747000E0CD0D /* CameraViewController.swift */ = {isa = PBXFileReference; lastKnownFileType = sourcecode.swift; path = CameraViewController.swift; sourceTree = "<group>"; };
		DA4388F2208AA6EC00E0CD0D /* ScanTabViewController.swift */ = {isa = PBXFileReference; lastKnownFileType = sourcecode.swift; path = ScanTabViewController.swift; sourceTree = "<group>"; };
		DA68505C205B5FA300BA36DE /* HelpViewController.swift */ = {isa = PBXFileReference; lastKnownFileType = sourcecode.swift; path = HelpViewController.swift; sourceTree = "<group>"; };
		DA6A7EE62037859800E79B47 /* AddMe.app */ = {isa = PBXFileReference; explicitFileType = wrapper.application; includeInIndex = 0; path = AddMe.app; sourceTree = BUILT_PRODUCTS_DIR; };
		DA6A7EE92037859800E79B47 /* AppDelegate.swift */ = {isa = PBXFileReference; lastKnownFileType = sourcecode.swift; path = AppDelegate.swift; sourceTree = "<group>"; };
		DA6A7EEB2037859800E79B47 /* ViewController.swift */ = {isa = PBXFileReference; lastKnownFileType = sourcecode.swift; path = ViewController.swift; sourceTree = "<group>"; };
		DA6A7EEE2037859800E79B47 /* Base */ = {isa = PBXFileReference; lastKnownFileType = file.storyboard; name = Base; path = Base.lproj/Main.storyboard; sourceTree = "<group>"; };
		DA6A7EF02037859800E79B47 /* Assets.xcassets */ = {isa = PBXFileReference; lastKnownFileType = folder.assetcatalog; path = Assets.xcassets; sourceTree = "<group>"; };
		DA6A7EF32037859800E79B47 /* Base */ = {isa = PBXFileReference; lastKnownFileType = file.storyboard; name = Base; path = Base.lproj/LaunchScreen.storyboard; sourceTree = "<group>"; };
		DA6A7EF52037859800E79B47 /* Info.plist */ = {isa = PBXFileReference; lastKnownFileType = text.plist.xml; path = Info.plist; sourceTree = "<group>"; };
		DAA7D4DE208568F000E62E04 /* Apps.swift */ = {isa = PBXFileReference; lastKnownFileType = sourcecode.swift; path = Apps.swift; sourceTree = "<group>"; };
		DAA7D4E22085690F00E62E04 /* SettingsTableViewCell.swift */ = {isa = PBXFileReference; lastKnownFileType = sourcecode.swift; path = SettingsTableViewCell.swift; sourceTree = "<group>"; };
		DAA7D4E8208598D800E62E04 /* ProfileImage.swift */ = {isa = PBXFileReference; lastKnownFileType = sourcecode.swift; path = ProfileImage.swift; sourceTree = "<group>"; };
		DAD432F6203D02240033EF35 /* awsconfiguration.json */ = {isa = PBXFileReference; fileEncoding = 4; lastKnownFileType = text.json; path = awsconfiguration.json; sourceTree = "<group>"; };
		DAD432F8203D03F70033EF35 /* User.swift */ = {isa = PBXFileReference; fileEncoding = 4; lastKnownFileType = sourcecode.swift; path = User.swift; sourceTree = "<group>"; };
		DAD432FA203F989B0033EF35 /* SafariServices.framework */ = {isa = PBXFileReference; lastKnownFileType = wrapper.framework; name = SafariServices.framework; path = System/Library/Frameworks/SafariServices.framework; sourceTree = SDKROOT; };
		DAD432FC203F98A20033EF35 /* SystemConfiguration.framework */ = {isa = PBXFileReference; lastKnownFileType = wrapper.framework; name = SystemConfiguration.framework; path = System/Library/Frameworks/SystemConfiguration.framework; sourceTree = SDKROOT; };
		DAD432FE203F9AE30033EF35 /* FacebookProvider.swift */ = {isa = PBXFileReference; lastKnownFileType = sourcecode.swift; path = FacebookProvider.swift; sourceTree = "<group>"; };
		DAD4330420411FB60033EF35 /* ScannerViewController.swift */ = {isa = PBXFileReference; lastKnownFileType = sourcecode.swift; path = ScannerViewController.swift; sourceTree = "<group>"; };
		DAD96CF52043458000F1525E /* QRCodeViewController.swift */ = {isa = PBXFileReference; lastKnownFileType = sourcecode.swift; path = QRCodeViewController.swift; sourceTree = "<group>"; };
		DAD96CF72043522C00F1525E /* SettingsViewController.swift */ = {isa = PBXFileReference; lastKnownFileType = sourcecode.swift; path = SettingsViewController.swift; sourceTree = "<group>"; };
		DAD96CF92044B13C00F1525E /* SideMenuViewController.swift */ = {isa = PBXFileReference; lastKnownFileType = sourcecode.swift; path = SideMenuViewController.swift; sourceTree = "<group>"; };
		DAD96CFB2044C1FF00F1525E /* CustomButton.swift */ = {isa = PBXFileReference; lastKnownFileType = sourcecode.swift; path = CustomButton.swift; sourceTree = "<group>"; };
		DAD96CFD2045F0ED00F1525E /* AddAppViewController.swift */ = {isa = PBXFileReference; lastKnownFileType = sourcecode.swift; path = AddAppViewController.swift; sourceTree = "<group>"; };
		DAD96CFF2045F59F00F1525E /* CollectionViewCell.swift */ = {isa = PBXFileReference; lastKnownFileType = sourcecode.swift; path = CollectionViewCell.swift; sourceTree = "<group>"; };
		DAD96D072045FA2F00F1525E /* DataStore.swift */ = {isa = PBXFileReference; lastKnownFileType = sourcecode.swift; path = DataStore.swift; sourceTree = "<group>"; };
		DAD96D092046399500F1525E /* AppsTableViewCell.swift */ = {isa = PBXFileReference; lastKnownFileType = sourcecode.swift; path = AppsTableViewCell.swift; sourceTree = "<group>"; };
		DAE8E582205EC30D003FE099 /* Dataset.swift */ = {isa = PBXFileReference; lastKnownFileType = sourcecode.swift; path = Dataset.swift; sourceTree = "<group>"; };
		E8574EAB0075532E3764504D /* Pods-AddMe.debug.xcconfig */ = {isa = PBXFileReference; includeInIndex = 1; lastKnownFileType = text.xcconfig; name = "Pods-AddMe.debug.xcconfig"; path = "Pods/Target Support Files/Pods-AddMe/Pods-AddMe.debug.xcconfig"; sourceTree = "<group>"; };
		FEA635EE5F97F341021748B2 /* Pods-AddMe.release.xcconfig */ = {isa = PBXFileReference; includeInIndex = 1; lastKnownFileType = text.xcconfig; name = "Pods-AddMe.release.xcconfig"; path = "Pods/Target Support Files/Pods-AddMe/Pods-AddMe.release.xcconfig"; sourceTree = "<group>"; };
/* End PBXFileReference section */

/* Begin PBXFrameworksBuildPhase section */
		DA6A7EE32037859800E79B47 /* Frameworks */ = {
			isa = PBXFrameworksBuildPhase;
			buildActionMask = 2147483647;
			files = (
				DAD432FD203F98A30033EF35 /* SystemConfiguration.framework in Frameworks */,
				DAD432FB203F989B0033EF35 /* SafariServices.framework in Frameworks */,
				CCE90FC70675E381BDDE5FC7 /* Pods_AddMe.framework in Frameworks */,
			);
			runOnlyForDeploymentPostprocessing = 0;
		};
/* End PBXFrameworksBuildPhase section */

/* Begin PBXGroup section */
		62E4FB17A984E8771B0E270D /* Pods */ = {
			isa = PBXGroup;
			children = (
				E8574EAB0075532E3764504D /* Pods-AddMe.debug.xcconfig */,
				FEA635EE5F97F341021748B2 /* Pods-AddMe.release.xcconfig */,
			);
			name = Pods;
			sourceTree = "<group>";
		};
		8E946C241D05378BF40C442A /* Frameworks */ = {
			isa = PBXGroup;
			children = (
				DAD432FC203F98A20033EF35 /* SystemConfiguration.framework */,
				DAD432FA203F989B0033EF35 /* SafariServices.framework */,
				0E271F5EC657EB7E6269AE5C /* Pods_AddMe.framework */,
			);
			name = Frameworks;
			sourceTree = "<group>";
		};
		DA6A7EDD2037859800E79B47 = {
			isa = PBXGroup;
			children = (
				DA6A7EE82037859800E79B47 /* AddMe */,
				DA6A7EE72037859800E79B47 /* Products */,
				62E4FB17A984E8771B0E270D /* Pods */,
				8E946C241D05378BF40C442A /* Frameworks */,
				DAA7D4D5208567BB00E62E04 /* Recovered References */,
			);
			sourceTree = "<group>";
		};
		DA6A7EE72037859800E79B47 /* Products */ = {
			isa = PBXGroup;
			children = (
				DA6A7EE62037859800E79B47 /* AddMe.app */,
			);
			name = Products;
			sourceTree = "<group>";
		};
		DA6A7EE82037859800E79B47 /* AddMe */ = {
			isa = PBXGroup;
			children = (
				DA6A7EE92037859800E79B47 /* AppDelegate.swift */,
				DAA7D4DE208568F000E62E04 /* Apps.swift */,
				DAD96D072045FA2F00F1525E /* DataStore.swift */,
				DAE8E582205EC30D003FE099 /* Dataset.swift */,
				DA4388EE2086747000E0CD0D /* CameraViewController.swift */,
				DA2B25F6204E2623004D3160 /* CredentialsManager.swift */,
				DAD96CFF2045F59F00F1525E /* CollectionViewCell.swift */,
				DAD96CFB2044C1FF00F1525E /* CustomButton.swift */,
				DA6A7EEB2037859800E79B47 /* ViewController.swift */,
				DAD96D092046399500F1525E /* AppsTableViewCell.swift */,
				DAD96CFD2045F0ED00F1525E /* AddAppViewController.swift */,
				DAD432FE203F9AE30033EF35 /* FacebookProvider.swift */,
				DA6A7EED2037859800E79B47 /* Main.storyboard */,
				DA4388F2208AA6EC00E0CD0D /* ScanTabViewController.swift */,
				DA68505C205B5FA300BA36DE /* HelpViewController.swift */,
				DAA7D4E8208598D800E62E04 /* ProfileImage.swift */,
				DAD4330420411FB60033EF35 /* ScannerViewController.swift */,
				DAD96CF72043522C00F1525E /* SettingsViewController.swift */,
				DAA7D4E22085690F00E62E04 /* SettingsTableViewCell.swift */,
				DAD96CF92044B13C00F1525E /* SideMenuViewController.swift */,
				DAD96CF52043458000F1525E /* QRCodeViewController.swift */,
				DA6A7EF02037859800E79B47 /* Assets.xcassets */,
				DA6A7EF22037859800E79B47 /* LaunchScreen.storyboard */,
				DAD432F8203D03F70033EF35 /* User.swift */,
				DA6A7EF52037859800E79B47 /* Info.plist */,
				DAD432F6203D02240033EF35 /* awsconfiguration.json */,
			);
			path = AddMe;
			sourceTree = "<group>";
		};
		DAA7D4D5208567BB00E62E04 /* Recovered References */ = {
			isa = PBXGroup;
			children = (
			);
			name = "Recovered References";
			sourceTree = "<group>";
		};
/* End PBXGroup section */

/* Begin PBXNativeTarget section */
		DA6A7EE52037859800E79B47 /* AddMe */ = {
			isa = PBXNativeTarget;
			buildConfigurationList = DA6A7EF82037859800E79B47 /* Build configuration list for PBXNativeTarget "AddMe" */;
			buildPhases = (
				BDF905B8AE11B16302A9CA90 /* [CP] Check Pods Manifest.lock */,
				DA6A7EE22037859800E79B47 /* Sources */,
				DA6A7EE32037859800E79B47 /* Frameworks */,
				DA6A7EE42037859800E79B47 /* Resources */,
				D3364EABB47362E6D4221A3E /* [CP] Embed Pods Frameworks */,
				AE2ED45769DE297E4D64EF4F /* [CP] Copy Pods Resources */,
			);
			buildRules = (
			);
			dependencies = (
			);
			name = AddMe;
			productName = AddMe;
			productReference = DA6A7EE62037859800E79B47 /* AddMe.app */;
			productType = "com.apple.product-type.application";
		};
/* End PBXNativeTarget section */

/* Begin PBXProject section */
		DA6A7EDE2037859800E79B47 /* Project object */ = {
			isa = PBXProject;
			attributes = {
				LastSwiftUpdateCheck = 0920;
				LastUpgradeCheck = 0920;
				ORGANIZATIONNAME = "Christopher Deck";
				TargetAttributes = {
					DA6A7EE52037859800E79B47 = {
						CreatedOnToolsVersion = 9.2;
						ProvisioningStyle = Automatic;
					};
				};
			};
			buildConfigurationList = DA6A7EE12037859800E79B47 /* Build configuration list for PBXProject "AddMe" */;
			compatibilityVersion = "Xcode 8.0";
			developmentRegion = en;
			hasScannedForEncodings = 0;
			knownRegions = (
				en,
				Base,
			);
			mainGroup = DA6A7EDD2037859800E79B47;
			productRefGroup = DA6A7EE72037859800E79B47 /* Products */;
			projectDirPath = "";
			projectRoot = "";
			targets = (
				DA6A7EE52037859800E79B47 /* AddMe */,
			);
		};
/* End PBXProject section */

/* Begin PBXResourcesBuildPhase section */
		DA6A7EE42037859800E79B47 /* Resources */ = {
			isa = PBXResourcesBuildPhase;
			buildActionMask = 2147483647;
			files = (
				DAD432F7203D02240033EF35 /* awsconfiguration.json in Resources */,
				DA6A7EF42037859800E79B47 /* LaunchScreen.storyboard in Resources */,
				DA6A7EF12037859800E79B47 /* Assets.xcassets in Resources */,
				DA6A7EEF2037859800E79B47 /* Main.storyboard in Resources */,
			);
			runOnlyForDeploymentPostprocessing = 0;
		};
/* End PBXResourcesBuildPhase section */

/* Begin PBXShellScriptBuildPhase section */
		AE2ED45769DE297E4D64EF4F /* [CP] Copy Pods Resources */ = {
			isa = PBXShellScriptBuildPhase;
			buildActionMask = 2147483647;
			files = (
			);
			inputPaths = (
				"${SRCROOT}/Pods/Target Support Files/Pods-AddMe/Pods-AddMe-resources.sh",
				"${PODS_ROOT}/GoogleSignIn/Resources/GoogleSignIn.bundle",
			);
			name = "[CP] Copy Pods Resources";
			outputPaths = (
				"${TARGET_BUILD_DIR}/${UNLOCALIZED_RESOURCES_FOLDER_PATH}/GoogleSignIn.bundle",
			);
			runOnlyForDeploymentPostprocessing = 0;
			shellPath = /bin/sh;
			shellScript = "\"${SRCROOT}/Pods/Target Support Files/Pods-AddMe/Pods-AddMe-resources.sh\"\n";
			showEnvVarsInLog = 0;
		};
		BDF905B8AE11B16302A9CA90 /* [CP] Check Pods Manifest.lock */ = {
			isa = PBXShellScriptBuildPhase;
			buildActionMask = 2147483647;
			files = (
			);
			inputPaths = (
				"${PODS_PODFILE_DIR_PATH}/Podfile.lock",
				"${PODS_ROOT}/Manifest.lock",
			);
			name = "[CP] Check Pods Manifest.lock";
			outputPaths = (
				"$(DERIVED_FILE_DIR)/Pods-AddMe-checkManifestLockResult.txt",
			);
			runOnlyForDeploymentPostprocessing = 0;
			shellPath = /bin/sh;
			shellScript = "diff \"${PODS_PODFILE_DIR_PATH}/Podfile.lock\" \"${PODS_ROOT}/Manifest.lock\" > /dev/null\nif [ $? != 0 ] ; then\n    # print error to STDERR\n    echo \"error: The sandbox is not in sync with the Podfile.lock. Run 'pod install' or update your CocoaPods installation.\" >&2\n    exit 1\nfi\n# This output is used by Xcode 'outputs' to avoid re-running this script phase.\necho \"SUCCESS\" > \"${SCRIPT_OUTPUT_FILE_0}\"\n";
			showEnvVarsInLog = 0;
		};
		D3364EABB47362E6D4221A3E /* [CP] Embed Pods Frameworks */ = {
			isa = PBXShellScriptBuildPhase;
			buildActionMask = 2147483647;
			files = (
			);
			inputPaths = (
				"${SRCROOT}/Pods/Target Support Files/Pods-AddMe/Pods-AddMe-frameworks.sh",
				"${BUILT_PRODUCTS_DIR}/AWSAuthCore/AWSAuthCore.framework",
				"${BUILT_PRODUCTS_DIR}/AWSAuthUI/AWSAuthUI.framework",
				"${BUILT_PRODUCTS_DIR}/AWSCognito/AWSCognito.framework",
				"${BUILT_PRODUCTS_DIR}/AWSCognitoIdentityProvider/AWSCognitoIdentityProvider.framework",
				"${BUILT_PRODUCTS_DIR}/AWSCognitoIdentityProviderASF/AWSCognitoIdentityProviderASF.framework",
				"${BUILT_PRODUCTS_DIR}/AWSCore/AWSCore.framework",
				"${BUILT_PRODUCTS_DIR}/AWSDynamoDB/AWSDynamoDB.framework",
				"${BUILT_PRODUCTS_DIR}/AWSFacebookSignIn/AWSFacebookSignIn.framework",
				"${BUILT_PRODUCTS_DIR}/AWSGoogleSignIn/AWSGoogleSignIn.framework",
				"${BUILT_PRODUCTS_DIR}/AWSMobileClient/AWSMobileClient.framework",
				"${BUILT_PRODUCTS_DIR}/AWSUserPoolsSignIn/AWSUserPoolsSignIn.framework",
				"${BUILT_PRODUCTS_DIR}/Bolts/Bolts.framework",
				"${BUILT_PRODUCTS_DIR}/FBSDKCoreKit/FBSDKCoreKit.framework",
				"${BUILT_PRODUCTS_DIR}/FBSDKLoginKit/FBSDKLoginKit.framework",
				"${BUILT_PRODUCTS_DIR}/FacebookCore/FacebookCore.framework",
				"${BUILT_PRODUCTS_DIR}/GTMOAuth2/GTMOAuth2.framework",
				"${BUILT_PRODUCTS_DIR}/GTMSessionFetcher/GTMSessionFetcher.framework",
				"${BUILT_PRODUCTS_DIR}/GoogleToolboxForMac/GoogleToolboxForMac.framework",
				"${BUILT_PRODUCTS_DIR}/SideMenu/SideMenu.framework",
			);
			name = "[CP] Embed Pods Frameworks";
			outputPaths = (
				"${TARGET_BUILD_DIR}/${FRAMEWORKS_FOLDER_PATH}/AWSAuthCore.framework",
				"${TARGET_BUILD_DIR}/${FRAMEWORKS_FOLDER_PATH}/AWSAuthUI.framework",
				"${TARGET_BUILD_DIR}/${FRAMEWORKS_FOLDER_PATH}/AWSCognito.framework",
				"${TARGET_BUILD_DIR}/${FRAMEWORKS_FOLDER_PATH}/AWSCognitoIdentityProvider.framework",
				"${TARGET_BUILD_DIR}/${FRAMEWORKS_FOLDER_PATH}/AWSCognitoIdentityProviderASF.framework",
				"${TARGET_BUILD_DIR}/${FRAMEWORKS_FOLDER_PATH}/AWSCore.framework",
				"${TARGET_BUILD_DIR}/${FRAMEWORKS_FOLDER_PATH}/AWSDynamoDB.framework",
				"${TARGET_BUILD_DIR}/${FRAMEWORKS_FOLDER_PATH}/AWSFacebookSignIn.framework",
				"${TARGET_BUILD_DIR}/${FRAMEWORKS_FOLDER_PATH}/AWSGoogleSignIn.framework",
				"${TARGET_BUILD_DIR}/${FRAMEWORKS_FOLDER_PATH}/AWSMobileClient.framework",
				"${TARGET_BUILD_DIR}/${FRAMEWORKS_FOLDER_PATH}/AWSUserPoolsSignIn.framework",
				"${TARGET_BUILD_DIR}/${FRAMEWORKS_FOLDER_PATH}/Bolts.framework",
				"${TARGET_BUILD_DIR}/${FRAMEWORKS_FOLDER_PATH}/FBSDKCoreKit.framework",
				"${TARGET_BUILD_DIR}/${FRAMEWORKS_FOLDER_PATH}/FBSDKLoginKit.framework",
				"${TARGET_BUILD_DIR}/${FRAMEWORKS_FOLDER_PATH}/FacebookCore.framework",
				"${TARGET_BUILD_DIR}/${FRAMEWORKS_FOLDER_PATH}/GTMOAuth2.framework",
				"${TARGET_BUILD_DIR}/${FRAMEWORKS_FOLDER_PATH}/GTMSessionFetcher.framework",
				"${TARGET_BUILD_DIR}/${FRAMEWORKS_FOLDER_PATH}/GoogleToolboxForMac.framework",
				"${TARGET_BUILD_DIR}/${FRAMEWORKS_FOLDER_PATH}/SideMenu.framework",
			);
			runOnlyForDeploymentPostprocessing = 0;
			shellPath = /bin/sh;
			shellScript = "\"${SRCROOT}/Pods/Target Support Files/Pods-AddMe/Pods-AddMe-frameworks.sh\"\n";
			showEnvVarsInLog = 0;
		};
/* End PBXShellScriptBuildPhase section */

/* Begin PBXSourcesBuildPhase section */
		DA6A7EE22037859800E79B47 /* Sources */ = {
			isa = PBXSourcesBuildPhase;
			buildActionMask = 2147483647;
			files = (
				DAD96CFA2044B13C00F1525E /* SideMenuViewController.swift in Sources */,
				DA4388EF2086747000E0CD0D /* CameraViewController.swift in Sources */,
				DAD96D082045FA2F00F1525E /* DataStore.swift in Sources */,
				DAD96CF62043458000F1525E /* QRCodeViewController.swift in Sources */,
				DAD96CFE2045F0ED00F1525E /* AddAppViewController.swift in Sources */,
				DAD96CFC2044C1FF00F1525E /* CustomButton.swift in Sources */,
				DA6A7EEC2037859800E79B47 /* ViewController.swift in Sources */,
				DA2B25F7204E2623004D3160 /* CredentialsManager.swift in Sources */,
				DAD96CF82043522C00F1525E /* SettingsViewController.swift in Sources */,
				DAD96D0A2046399500F1525E /* AppsTableViewCell.swift in Sources */,
				DA6A7EEA2037859800E79B47 /* AppDelegate.swift in Sources */,
				DA4388F3208AA6EC00E0CD0D /* ScanTabViewController.swift in Sources */,
				DA68505D205B5FA300BA36DE /* HelpViewController.swift in Sources */,
				DAA7D4E9208598D800E62E04 /* ProfileImage.swift in Sources */,
				DAA7D4DF208568F000E62E04 /* Apps.swift in Sources */,
				DAD432FF203F9AE30033EF35 /* FacebookProvider.swift in Sources */,
				DAD4330520411FB60033EF35 /* ScannerViewController.swift in Sources */,
				DAD432F9203D03F70033EF35 /* User.swift in Sources */,
				DAE8E583205EC30D003FE099 /* Dataset.swift in Sources */,
				DAA7D4E32085690F00E62E04 /* SettingsTableViewCell.swift in Sources */,
				DAD96D002045F59F00F1525E /* CollectionViewCell.swift in Sources */,
			);
			runOnlyForDeploymentPostprocessing = 0;
		};
/* End PBXSourcesBuildPhase section */

/* Begin PBXVariantGroup section */
		DA6A7EED2037859800E79B47 /* Main.storyboard */ = {
			isa = PBXVariantGroup;
			children = (
				DA6A7EEE2037859800E79B47 /* Base */,
			);
			name = Main.storyboard;
			sourceTree = "<group>";
		};
		DA6A7EF22037859800E79B47 /* LaunchScreen.storyboard */ = {
			isa = PBXVariantGroup;
			children = (
				DA6A7EF32037859800E79B47 /* Base */,
			);
			name = LaunchScreen.storyboard;
			sourceTree = "<group>";
		};
/* End PBXVariantGroup section */

/* Begin XCBuildConfiguration section */
		DA6A7EF62037859800E79B47 /* Debug */ = {
			isa = XCBuildConfiguration;
			buildSettings = {
				ALWAYS_SEARCH_USER_PATHS = NO;
				CLANG_ANALYZER_NONNULL = YES;
				CLANG_ANALYZER_NUMBER_OBJECT_CONVERSION = YES_AGGRESSIVE;
				CLANG_CXX_LANGUAGE_STANDARD = "gnu++14";
				CLANG_CXX_LIBRARY = "libc++";
				CLANG_ENABLE_MODULES = YES;
				CLANG_ENABLE_OBJC_ARC = YES;
				CLANG_WARN_BLOCK_CAPTURE_AUTORELEASING = YES;
				CLANG_WARN_BOOL_CONVERSION = YES;
				CLANG_WARN_COMMA = YES;
				CLANG_WARN_CONSTANT_CONVERSION = YES;
				CLANG_WARN_DIRECT_OBJC_ISA_USAGE = YES_ERROR;
				CLANG_WARN_DOCUMENTATION_COMMENTS = YES;
				CLANG_WARN_EMPTY_BODY = YES;
				CLANG_WARN_ENUM_CONVERSION = YES;
				CLANG_WARN_INFINITE_RECURSION = YES;
				CLANG_WARN_INT_CONVERSION = YES;
				CLANG_WARN_NON_LITERAL_NULL_CONVERSION = YES;
				CLANG_WARN_OBJC_LITERAL_CONVERSION = YES;
				CLANG_WARN_OBJC_ROOT_CLASS = YES_ERROR;
				CLANG_WARN_RANGE_LOOP_ANALYSIS = YES;
				CLANG_WARN_STRICT_PROTOTYPES = YES;
				CLANG_WARN_SUSPICIOUS_MOVE = YES;
				CLANG_WARN_UNGUARDED_AVAILABILITY = YES_AGGRESSIVE;
				CLANG_WARN_UNREACHABLE_CODE = YES;
				CLANG_WARN__DUPLICATE_METHOD_MATCH = YES;
				CODE_SIGN_IDENTITY = "iPhone Developer";
				COPY_PHASE_STRIP = NO;
				DEBUG_INFORMATION_FORMAT = dwarf;
				ENABLE_STRICT_OBJC_MSGSEND = YES;
				ENABLE_TESTABILITY = YES;
				GCC_C_LANGUAGE_STANDARD = gnu11;
				GCC_DYNAMIC_NO_PIC = NO;
				GCC_NO_COMMON_BLOCKS = YES;
				GCC_OPTIMIZATION_LEVEL = 0;
				GCC_PREPROCESSOR_DEFINITIONS = (
					"DEBUG=1",
					"$(inherited)",
				);
				GCC_WARN_64_TO_32_BIT_CONVERSION = YES;
				GCC_WARN_ABOUT_RETURN_TYPE = YES_ERROR;
				GCC_WARN_UNDECLARED_SELECTOR = YES;
				GCC_WARN_UNINITIALIZED_AUTOS = YES_AGGRESSIVE;
				GCC_WARN_UNUSED_FUNCTION = YES;
				GCC_WARN_UNUSED_VARIABLE = YES;
				IPHONEOS_DEPLOYMENT_TARGET = 11.2;
				MTL_ENABLE_DEBUG_INFO = YES;
				ONLY_ACTIVE_ARCH = YES;
				SDKROOT = iphoneos;
				SWIFT_ACTIVE_COMPILATION_CONDITIONS = DEBUG;
				SWIFT_OPTIMIZATION_LEVEL = "-Onone";
			};
			name = Debug;
		};
		DA6A7EF72037859800E79B47 /* Release */ = {
			isa = XCBuildConfiguration;
			buildSettings = {
				ALWAYS_SEARCH_USER_PATHS = NO;
				CLANG_ANALYZER_NONNULL = YES;
				CLANG_ANALYZER_NUMBER_OBJECT_CONVERSION = YES_AGGRESSIVE;
				CLANG_CXX_LANGUAGE_STANDARD = "gnu++14";
				CLANG_CXX_LIBRARY = "libc++";
				CLANG_ENABLE_MODULES = YES;
				CLANG_ENABLE_OBJC_ARC = YES;
				CLANG_WARN_BLOCK_CAPTURE_AUTORELEASING = YES;
				CLANG_WARN_BOOL_CONVERSION = YES;
				CLANG_WARN_COMMA = YES;
				CLANG_WARN_CONSTANT_CONVERSION = YES;
				CLANG_WARN_DIRECT_OBJC_ISA_USAGE = YES_ERROR;
				CLANG_WARN_DOCUMENTATION_COMMENTS = YES;
				CLANG_WARN_EMPTY_BODY = YES;
				CLANG_WARN_ENUM_CONVERSION = YES;
				CLANG_WARN_INFINITE_RECURSION = YES;
				CLANG_WARN_INT_CONVERSION = YES;
				CLANG_WARN_NON_LITERAL_NULL_CONVERSION = YES;
				CLANG_WARN_OBJC_LITERAL_CONVERSION = YES;
				CLANG_WARN_OBJC_ROOT_CLASS = YES_ERROR;
				CLANG_WARN_RANGE_LOOP_ANALYSIS = YES;
				CLANG_WARN_STRICT_PROTOTYPES = YES;
				CLANG_WARN_SUSPICIOUS_MOVE = YES;
				CLANG_WARN_UNGUARDED_AVAILABILITY = YES_AGGRESSIVE;
				CLANG_WARN_UNREACHABLE_CODE = YES;
				CLANG_WARN__DUPLICATE_METHOD_MATCH = YES;
				CODE_SIGN_IDENTITY = "iPhone Developer";
				COPY_PHASE_STRIP = NO;
				DEBUG_INFORMATION_FORMAT = "dwarf-with-dsym";
				ENABLE_NS_ASSERTIONS = NO;
				ENABLE_STRICT_OBJC_MSGSEND = YES;
				GCC_C_LANGUAGE_STANDARD = gnu11;
				GCC_NO_COMMON_BLOCKS = YES;
				GCC_WARN_64_TO_32_BIT_CONVERSION = YES;
				GCC_WARN_ABOUT_RETURN_TYPE = YES_ERROR;
				GCC_WARN_UNDECLARED_SELECTOR = YES;
				GCC_WARN_UNINITIALIZED_AUTOS = YES_AGGRESSIVE;
				GCC_WARN_UNUSED_FUNCTION = YES;
				GCC_WARN_UNUSED_VARIABLE = YES;
				IPHONEOS_DEPLOYMENT_TARGET = 11.2;
				MTL_ENABLE_DEBUG_INFO = NO;
				SDKROOT = iphoneos;
				SWIFT_OPTIMIZATION_LEVEL = "-Owholemodule";
				VALIDATE_PRODUCT = YES;
			};
			name = Release;
		};
		DA6A7EF92037859800E79B47 /* Debug */ = {
			isa = XCBuildConfiguration;
			baseConfigurationReference = E8574EAB0075532E3764504D /* Pods-AddMe.debug.xcconfig */;
			buildSettings = {
				ASSETCATALOG_COMPILER_APPICON_NAME = AppIcon;
				CODE_SIGN_STYLE = Automatic;
				DEVELOPMENT_TEAM = YL6P5CDG5A;
				INFOPLIST_FILE = AddMe/Info.plist;
				IPHONEOS_DEPLOYMENT_TARGET = 10.0;
				LD_RUNPATH_SEARCH_PATHS = "$(inherited) @executable_path/Frameworks";
				PRODUCT_BUNDLE_IDENTIFIER = chrisdeck;
				PRODUCT_NAME = "$(TARGET_NAME)";
				SWIFT_VERSION = 4.0;
				TARGETED_DEVICE_FAMILY = "1,2";
			};
			name = Debug;
		};
		DA6A7EFA2037859800E79B47 /* Release */ = {
			isa = XCBuildConfiguration;
			baseConfigurationReference = FEA635EE5F97F341021748B2 /* Pods-AddMe.release.xcconfig */;
			buildSettings = {
				ASSETCATALOG_COMPILER_APPICON_NAME = AppIcon;
				CODE_SIGN_STYLE = Automatic;
				DEVELOPMENT_TEAM = YL6P5CDG5A;
				INFOPLIST_FILE = AddMe/Info.plist;
				IPHONEOS_DEPLOYMENT_TARGET = 10.0;
				LD_RUNPATH_SEARCH_PATHS = "$(inherited) @executable_path/Frameworks";
				PRODUCT_BUNDLE_IDENTIFIER = chrisdeck;
				PRODUCT_NAME = "$(TARGET_NAME)";
				SWIFT_VERSION = 4.0;
				TARGETED_DEVICE_FAMILY = "1,2";
			};
			name = Release;
		};
/* End XCBuildConfiguration section */

/* Begin XCConfigurationList section */
		DA6A7EE12037859800E79B47 /* Build configuration list for PBXProject "AddMe" */ = {
			isa = XCConfigurationList;
			buildConfigurations = (
				DA6A7EF62037859800E79B47 /* Debug */,
				DA6A7EF72037859800E79B47 /* Release */,
			);
			defaultConfigurationIsVisible = 0;
			defaultConfigurationName = Release;
		};
		DA6A7EF82037859800E79B47 /* Build configuration list for PBXNativeTarget "AddMe" */ = {
			isa = XCConfigurationList;
			buildConfigurations = (
				DA6A7EF92037859800E79B47 /* Debug */,
				DA6A7EFA2037859800E79B47 /* Release */,
			);
			defaultConfigurationIsVisible = 0;
			defaultConfigurationName = Release;
		};
/* End XCConfigurationList section */
	};
	rootObject = DA6A7EDE2037859800E79B47 /* Project object */;
}
