// !$*UTF8*$!
{
	archiveVersion = 1;
	classes = {
	};
	objectVersion = 48;
	objects = {

/* Begin PBXBuildFile section */
		A9078423A73AE248C65E103C /* Pods_LinkUp.framework in Frameworks */ = {isa = PBXBuildFile; fileRef = 55CE2765784B5B9C64E7AF87 /* Pods_LinkUp.framework */; };
		DA10A612212606FF0049D983 /* trench100free.otf in Resources */ = {isa = PBXBuildFile; fileRef = DA10A611212606F00049D983 /* trench100free.otf */; };
		DA10A613212607010049D983 /* trench100free.ttf in Resources */ = {isa = PBXBuildFile; fileRef = DA10A610212606EF0049D983 /* trench100free.ttf */; };
		DA10A615212621660049D983 /* Cards.plist in Resources */ = {isa = PBXBuildFile; fileRef = DA10A614212621660049D983 /* Cards.plist */; };
		DA130A84209643AF00622951 /* EFUIntPixel.swift in Sources */ = {isa = PBXBuildFile; fileRef = DA130A83209643AF00622951 /* EFUIntPixel.swift */; };
		DA1B39F22116366E008CE7C6 /* LaunchScreenViewController.swift in Sources */ = {isa = PBXBuildFile; fileRef = DA1B39F12116366E008CE7C6 /* LaunchScreenViewController.swift */; };
		DA1B39FA2117C070008CE7C6 /* Dataset.swift in Sources */ = {isa = PBXBuildFile; fileRef = DA1B39F92117C070008CE7C6 /* Dataset.swift */; };
		DA2B25F7204E2623004D3160 /* CredentialsManager.swift in Sources */ = {isa = PBXBuildFile; fileRef = DA2B25F6204E2623004D3160 /* CredentialsManager.swift */; };
		DA37EE462125F68A00A52AD9 /* Profile.swift in Sources */ = {isa = PBXBuildFile; fileRef = DA37EE452125F68A00A52AD9 /* Profile.swift */; };
		DA37EE4F2125F9FD00A52AD9 /* ProfileCollectionViewCell.swift in Sources */ = {isa = PBXBuildFile; fileRef = DA37EE4E2125F9FD00A52AD9 /* ProfileCollectionViewCell.swift */; };
		DA37EE512125FA9F00A52AD9 /* Main.storyboard in Resources */ = {isa = PBXBuildFile; fileRef = DA37EE502125FA9F00A52AD9 /* Main.storyboard */; };
		DA37EE532125FC8100A52AD9 /* AnimatedLaunchScreen.swift in Sources */ = {isa = PBXBuildFile; fileRef = DA37EE522125FC8100A52AD9 /* AnimatedLaunchScreen.swift */; };
		DA4388EF2086747000E0CD0D /* CameraViewController.swift in Sources */ = {isa = PBXBuildFile; fileRef = DA4388EE2086747000E0CD0D /* CameraViewController.swift */; };
		DA5C4717212B37B00005FC2E /* RefreshContents.xib in Resources */ = {isa = PBXBuildFile; fileRef = DA5C4716212B37B00005FC2E /* RefreshContents.xib */; };
		DA5C4719212B86970005FC2E /* MenuViewController.swift in Sources */ = {isa = PBXBuildFile; fileRef = DA5C4718212B86970005FC2E /* MenuViewController.swift */; };
		DA68505D205B5FA300BA36DE /* HelpViewController.swift in Sources */ = {isa = PBXBuildFile; fileRef = DA68505C205B5FA300BA36DE /* HelpViewController.swift */; };
		DA6A7EEA2037859800E79B47 /* AppDelegate.swift in Sources */ = {isa = PBXBuildFile; fileRef = DA6A7EE92037859800E79B47 /* AppDelegate.swift */; };
		DA6A7EEC2037859800E79B47 /* ViewController.swift in Sources */ = {isa = PBXBuildFile; fileRef = DA6A7EEB2037859800E79B47 /* ViewController.swift */; };
		DA6A7EF12037859800E79B47 /* Assets.xcassets in Resources */ = {isa = PBXBuildFile; fileRef = DA6A7EF02037859800E79B47 /* Assets.xcassets */; };
		DA6A7EF42037859800E79B47 /* LaunchScreen.storyboard in Resources */ = {isa = PBXBuildFile; fileRef = DA6A7EF22037859800E79B47 /* LaunchScreen.storyboard */; };
		DA72C3E821375E940053F672 /* EFIntSize.swift in Sources */ = {isa = PBXBuildFile; fileRef = DA72C3E721375E940053F672 /* EFIntSize.swift */; };
		DA72C4082139E95A0053F672 /* ScansTableViewCell.swift in Sources */ = {isa = PBXBuildFile; fileRef = DA72C4072139E95A0053F672 /* ScansTableViewCell.swift */; };
		DA72C40A2139EAA10053F672 /* ScansTableViewController.swift in Sources */ = {isa = PBXBuildFile; fileRef = DA72C4092139EAA10053F672 /* ScansTableViewController.swift */; };
		DA72C40C213E07320053F672 /* Scan.swift in Sources */ = {isa = PBXBuildFile; fileRef = DA72C40B213E07320053F672 /* Scan.swift */; };
		DA72C40E213F65DB0053F672 /* Accounts.swift in Sources */ = {isa = PBXBuildFile; fileRef = DA72C40D213F65DB0053F672 /* Accounts.swift */; };
		DA72C4122141DFE60053F672 /* SingleProfileViewController.swift in Sources */ = {isa = PBXBuildFile; fileRef = DA72C4112141DFE60053F672 /* SingleProfileViewController.swift */; };
		DA72C4142141E45A0053F672 /* ScannedProfileTableViewCell.swift in Sources */ = {isa = PBXBuildFile; fileRef = DA72C4132141E45A0053F672 /* ScannedProfileTableViewCell.swift */; };
		DA72C4162148B8250053F672 /* SingleProfile.swift in Sources */ = {isa = PBXBuildFile; fileRef = DA72C4152148B8250053F672 /* SingleProfile.swift */; };
		DA84C91A212B1E2D00AF84CC /* ScannedTableViewCell.swift in Sources */ = {isa = PBXBuildFile; fileRef = DA84C919212B1E2D00AF84CC /* ScannedTableViewCell.swift */; };
		DA929D79212F920800CEFBD6 /* ProfileTableViewCell.swift in Sources */ = {isa = PBXBuildFile; fileRef = DA929D78212F920800CEFBD6 /* ProfileTableViewCell.swift */; };
		DA929D7D212FA8C900CEFBD6 /* HorizontalPeekingPagesCollectionViewController.swift in Sources */ = {isa = PBXBuildFile; fileRef = DA929D7C212FA8C900CEFBD6 /* HorizontalPeekingPagesCollectionViewController.swift */; };
		DA9A0EE7223043B3000F4C53 /* SpinerLayer.swift in Sources */ = {isa = PBXBuildFile; fileRef = DA9A0EE6223043B3000F4C53 /* SpinerLayer.swift */; };
		DA9A0EE9223043E0000F4C53 /* TransitionButton.swift in Sources */ = {isa = PBXBuildFile; fileRef = DA9A0EE8223043E0000F4C53 /* TransitionButton.swift */; };
		DA9A0EEB22304406000F4C53 /* FadeTransition.swift in Sources */ = {isa = PBXBuildFile; fileRef = DA9A0EEA22304406000F4C53 /* FadeTransition.swift */; };
		DA9A0EED22304462000F4C53 /* CustomTransitionViewController.swift in Sources */ = {isa = PBXBuildFile; fileRef = DA9A0EEC22304462000F4C53 /* CustomTransitionViewController.swift */; };
		DA9A0EEF22304494000F4C53 /* CGRectExtension.swift in Sources */ = {isa = PBXBuildFile; fileRef = DA9A0EEE22304494000F4C53 /* CGRectExtension.swift */; };
		DAA7D4E32085690F00E62E04 /* SettingsTableViewCell.swift in Sources */ = {isa = PBXBuildFile; fileRef = DAA7D4E22085690F00E62E04 /* SettingsTableViewCell.swift */; };
		DAA7D4E9208598D800E62E04 /* ProfileImage.swift in Sources */ = {isa = PBXBuildFile; fileRef = DAA7D4E8208598D800E62E04 /* ProfileImage.swift */; };
		DACCF2642131C86100FAD6B5 /* HelpTableViewCell.swift in Sources */ = {isa = PBXBuildFile; fileRef = DACCF2632131C86100FAD6B5 /* HelpTableViewCell.swift */; };
		DACCF2682131DBD100FAD6B5 /* Raleway in Resources */ = {isa = PBXBuildFile; fileRef = DACCF2662131DBD000FAD6B5 /* Raleway */; };
		DACCF2692131DBD100FAD6B5 /* Comfortaa in Resources */ = {isa = PBXBuildFile; fileRef = DACCF2672131DBD100FAD6B5 /* Comfortaa */; };
		DACEDEC120914EBB0011F978 /* LogoutViewController.swift in Sources */ = {isa = PBXBuildFile; fileRef = DACEDEC020914EBB0011F978 /* LogoutViewController.swift */; };
		DAD432F7203D02240033EF35 /* awsconfiguration.json in Resources */ = {isa = PBXBuildFile; fileRef = DAD432F6203D02240033EF35 /* awsconfiguration.json */; };
		DAD432F9203D03F70033EF35 /* User.swift in Sources */ = {isa = PBXBuildFile; fileRef = DAD432F8203D03F70033EF35 /* User.swift */; };
		DAD432FB203F989B0033EF35 /* SafariServices.framework in Frameworks */ = {isa = PBXBuildFile; fileRef = DAD432FA203F989B0033EF35 /* SafariServices.framework */; };
		DAD432FD203F98A30033EF35 /* SystemConfiguration.framework in Frameworks */ = {isa = PBXBuildFile; fileRef = DAD432FC203F98A20033EF35 /* SystemConfiguration.framework */; };
		DAD432FF203F9AE30033EF35 /* FacebookProvider.swift in Sources */ = {isa = PBXBuildFile; fileRef = DAD432FE203F9AE30033EF35 /* FacebookProvider.swift */; };
		DAD4330520411FB60033EF35 /* ScannerViewController.swift in Sources */ = {isa = PBXBuildFile; fileRef = DAD4330420411FB60033EF35 /* ScannerViewController.swift */; };
		DAD96CF62043458000F1525E /* QRCodeViewController.swift in Sources */ = {isa = PBXBuildFile; fileRef = DAD96CF52043458000F1525E /* QRCodeViewController.swift */; };
		DAD96CF82043522C00F1525E /* SettingsViewController.swift in Sources */ = {isa = PBXBuildFile; fileRef = DAD96CF72043522C00F1525E /* SettingsViewController.swift */; };
		DAD96CFC2044C1FF00F1525E /* CustomButton.swift in Sources */ = {isa = PBXBuildFile; fileRef = DAD96CFB2044C1FF00F1525E /* CustomButton.swift */; };
		DAD96CFE2045F0ED00F1525E /* AddAppViewController.swift in Sources */ = {isa = PBXBuildFile; fileRef = DAD96CFD2045F0ED00F1525E /* AddAppViewController.swift */; };
		DAD96D002045F59F00F1525E /* CollectionViewCell.swift in Sources */ = {isa = PBXBuildFile; fileRef = DAD96CFF2045F59F00F1525E /* CollectionViewCell.swift */; };
		DAD96D0A2046399500F1525E /* AppsTableViewCell.swift in Sources */ = {isa = PBXBuildFile; fileRef = DAD96D092046399500F1525E /* AppsTableViewCell.swift */; };
		DADA5B5D208BCC01009BC5B2 /* ChooseSettingsTableViewController.swift in Sources */ = {isa = PBXBuildFile; fileRef = DADA5B5C208BCC01009BC5B2 /* ChooseSettingsTableViewController.swift */; };
		DADA5B5F208BCEB4009BC5B2 /* ChooseSettingsTableViewCell.swift in Sources */ = {isa = PBXBuildFile; fileRef = DADA5B5E208BCEB4009BC5B2 /* ChooseSettingsTableViewCell.swift */; };
		DAE3A2AB2093D730002689BA /* HalfModalPresentationController.swift in Sources */ = {isa = PBXBuildFile; fileRef = DAE3A2AA2093D730002689BA /* HalfModalPresentationController.swift */; };
		DAE3A2AF2093D775002689BA /* HalfModalInteractiveTransition.swift in Sources */ = {isa = PBXBuildFile; fileRef = DAE3A2AE2093D775002689BA /* HalfModalInteractiveTransition.swift */; };
		DAE3A2B12093D7AE002689BA /* HalfModalTransitionAnimator.swift in Sources */ = {isa = PBXBuildFile; fileRef = DAE3A2B02093D7AE002689BA /* HalfModalTransitionAnimator.swift */; };
		DAE3A2B32093D7F5002689BA /* HalfModalTransitioningDelegate.swift in Sources */ = {isa = PBXBuildFile; fileRef = DAE3A2B22093D7F5002689BA /* HalfModalTransitioningDelegate.swift */; };
		DAF0791E21265CD90001B961 /* Extensions.swift in Sources */ = {isa = PBXBuildFile; fileRef = DAF0791D21265CD90001B961 /* Extensions.swift */; };
		DAF079202126FBBE0001B961 /* AccountsForProfileViewController.swift in Sources */ = {isa = PBXBuildFile; fileRef = DAF0791F2126FBBE0001B961 /* AccountsForProfileViewController.swift */; };
		E216FC03217FF8DA007A2275 /* APICodeParser.swift in Sources */ = {isa = PBXBuildFile; fileRef = E216FC02217FF8DA007A2275 /* APICodeParser.swift */; };
/* End PBXBuildFile section */

/* Begin PBXFileReference section */
		55CE2765784B5B9C64E7AF87 /* Pods_LinkUp.framework */ = {isa = PBXFileReference; explicitFileType = wrapper.framework; includeInIndex = 0; path = Pods_LinkUp.framework; sourceTree = BUILT_PRODUCTS_DIR; };
		82DE575B515AAA97684789E8 /* Pods-LinkUp.debug.xcconfig */ = {isa = PBXFileReference; includeInIndex = 1; lastKnownFileType = text.xcconfig; name = "Pods-LinkUp.debug.xcconfig"; path = "Pods/Target Support Files/Pods-LinkUp/Pods-LinkUp.debug.xcconfig"; sourceTree = "<group>"; };
		D549C2ED06E508209DBCB84D /* Pods-LinkUp.release.xcconfig */ = {isa = PBXFileReference; includeInIndex = 1; lastKnownFileType = text.xcconfig; name = "Pods-LinkUp.release.xcconfig"; path = "Pods/Target Support Files/Pods-LinkUp/Pods-LinkUp.release.xcconfig"; sourceTree = "<group>"; };
		DA10A610212606EF0049D983 /* trench100free.ttf */ = {isa = PBXFileReference; lastKnownFileType = file; path = trench100free.ttf; sourceTree = "<group>"; };
		DA10A611212606F00049D983 /* trench100free.otf */ = {isa = PBXFileReference; lastKnownFileType = file; path = trench100free.otf; sourceTree = "<group>"; };
		DA10A614212621660049D983 /* Cards.plist */ = {isa = PBXFileReference; lastKnownFileType = text.plist.xml; path = Cards.plist; sourceTree = "<group>"; };
		DA10A61821262BD50049D983 /* SwipingCarousel.framework */ = {isa = PBXFileReference; lastKnownFileType = wrapper.framework; name = SwipingCarousel.framework; path = Carthage/Build/iOS/SwipingCarousel.framework; sourceTree = "<group>"; };
		DA130A83209643AF00622951 /* EFUIntPixel.swift */ = {isa = PBXFileReference; lastKnownFileType = sourcecode.swift; path = EFUIntPixel.swift; sourceTree = "<group>"; };
		DA1B39F12116366E008CE7C6 /* LaunchScreenViewController.swift */ = {isa = PBXFileReference; lastKnownFileType = sourcecode.swift; path = LaunchScreenViewController.swift; sourceTree = "<group>"; };
		DA1B39F92117C070008CE7C6 /* Dataset.swift */ = {isa = PBXFileReference; lastKnownFileType = sourcecode.swift; path = Dataset.swift; sourceTree = "<group>"; };
		DA2B25F6204E2623004D3160 /* CredentialsManager.swift */ = {isa = PBXFileReference; lastKnownFileType = sourcecode.swift; path = CredentialsManager.swift; sourceTree = "<group>"; };
		DA37EE452125F68A00A52AD9 /* Profile.swift */ = {isa = PBXFileReference; lastKnownFileType = sourcecode.swift; path = Profile.swift; sourceTree = "<group>"; };
		DA37EE4E2125F9FD00A52AD9 /* ProfileCollectionViewCell.swift */ = {isa = PBXFileReference; lastKnownFileType = sourcecode.swift; path = ProfileCollectionViewCell.swift; sourceTree = "<group>"; };
		DA37EE502125FA9F00A52AD9 /* Main.storyboard */ = {isa = PBXFileReference; lastKnownFileType = file.storyboard; path = Main.storyboard; sourceTree = "<group>"; };
		DA37EE522125FC8100A52AD9 /* AnimatedLaunchScreen.swift */ = {isa = PBXFileReference; lastKnownFileType = sourcecode.swift; path = AnimatedLaunchScreen.swift; sourceTree = "<group>"; };
		DA4388EE2086747000E0CD0D /* CameraViewController.swift */ = {isa = PBXFileReference; lastKnownFileType = sourcecode.swift; path = CameraViewController.swift; sourceTree = "<group>"; };
		DA5C4716212B37B00005FC2E /* RefreshContents.xib */ = {isa = PBXFileReference; lastKnownFileType = file.xib; path = RefreshContents.xib; sourceTree = "<group>"; };
		DA5C4718212B86970005FC2E /* MenuViewController.swift */ = {isa = PBXFileReference; lastKnownFileType = sourcecode.swift; path = MenuViewController.swift; sourceTree = "<group>"; };
		DA68505C205B5FA300BA36DE /* HelpViewController.swift */ = {isa = PBXFileReference; lastKnownFileType = sourcecode.swift; path = HelpViewController.swift; sourceTree = "<group>"; };
		DA6A7EE62037859800E79B47 /* LinkUp.app */ = {isa = PBXFileReference; explicitFileType = wrapper.application; includeInIndex = 0; path = LinkUp.app; sourceTree = BUILT_PRODUCTS_DIR; };
		DA6A7EE92037859800E79B47 /* AppDelegate.swift */ = {isa = PBXFileReference; lastKnownFileType = sourcecode.swift; path = AppDelegate.swift; sourceTree = "<group>"; };
		DA6A7EEB2037859800E79B47 /* ViewController.swift */ = {isa = PBXFileReference; lastKnownFileType = sourcecode.swift; path = ViewController.swift; sourceTree = "<group>"; };
		DA6A7EF02037859800E79B47 /* Assets.xcassets */ = {isa = PBXFileReference; lastKnownFileType = folder.assetcatalog; path = Assets.xcassets; sourceTree = "<group>"; };
		DA6A7EF32037859800E79B47 /* Base */ = {isa = PBXFileReference; lastKnownFileType = file.storyboard; name = Base; path = Base.lproj/LaunchScreen.storyboard; sourceTree = "<group>"; };
		DA6A7EF52037859800E79B47 /* Info.plist */ = {isa = PBXFileReference; lastKnownFileType = text.plist.xml; path = Info.plist; sourceTree = "<group>"; };
		DA72C3E721375E940053F672 /* EFIntSize.swift */ = {isa = PBXFileReference; lastKnownFileType = sourcecode.swift; path = EFIntSize.swift; sourceTree = "<group>"; };
		DA72C4072139E95A0053F672 /* ScansTableViewCell.swift */ = {isa = PBXFileReference; lastKnownFileType = sourcecode.swift; path = ScansTableViewCell.swift; sourceTree = "<group>"; };
		DA72C4092139EAA10053F672 /* ScansTableViewController.swift */ = {isa = PBXFileReference; lastKnownFileType = sourcecode.swift; path = ScansTableViewController.swift; sourceTree = "<group>"; };
		DA72C40B213E07320053F672 /* Scan.swift */ = {isa = PBXFileReference; lastKnownFileType = sourcecode.swift; path = Scan.swift; sourceTree = "<group>"; };
		DA72C40D213F65DB0053F672 /* Accounts.swift */ = {isa = PBXFileReference; lastKnownFileType = sourcecode.swift; path = Accounts.swift; sourceTree = "<group>"; };
		DA72C4112141DFE60053F672 /* SingleProfileViewController.swift */ = {isa = PBXFileReference; lastKnownFileType = sourcecode.swift; path = SingleProfileViewController.swift; sourceTree = "<group>"; };
		DA72C4132141E45A0053F672 /* ScannedProfileTableViewCell.swift */ = {isa = PBXFileReference; lastKnownFileType = sourcecode.swift; path = ScannedProfileTableViewCell.swift; sourceTree = "<group>"; };
		DA72C4152148B8250053F672 /* SingleProfile.swift */ = {isa = PBXFileReference; lastKnownFileType = sourcecode.swift; path = SingleProfile.swift; sourceTree = "<group>"; };
		DA84C919212B1E2D00AF84CC /* ScannedTableViewCell.swift */ = {isa = PBXFileReference; lastKnownFileType = sourcecode.swift; path = ScannedTableViewCell.swift; sourceTree = "<group>"; };
		DA929D78212F920800CEFBD6 /* ProfileTableViewCell.swift */ = {isa = PBXFileReference; lastKnownFileType = sourcecode.swift; path = ProfileTableViewCell.swift; sourceTree = "<group>"; };
		DA929D7C212FA8C900CEFBD6 /* HorizontalPeekingPagesCollectionViewController.swift */ = {isa = PBXFileReference; lastKnownFileType = sourcecode.swift; path = HorizontalPeekingPagesCollectionViewController.swift; sourceTree = "<group>"; };
		DA9A0EE6223043B3000F4C53 /* SpinerLayer.swift */ = {isa = PBXFileReference; lastKnownFileType = sourcecode.swift; path = SpinerLayer.swift; sourceTree = "<group>"; };
		DA9A0EE8223043E0000F4C53 /* TransitionButton.swift */ = {isa = PBXFileReference; lastKnownFileType = sourcecode.swift; path = TransitionButton.swift; sourceTree = "<group>"; };
		DA9A0EEA22304406000F4C53 /* FadeTransition.swift */ = {isa = PBXFileReference; lastKnownFileType = sourcecode.swift; path = FadeTransition.swift; sourceTree = "<group>"; };
		DA9A0EEC22304462000F4C53 /* CustomTransitionViewController.swift */ = {isa = PBXFileReference; lastKnownFileType = sourcecode.swift; path = CustomTransitionViewController.swift; sourceTree = "<group>"; };
		DA9A0EEE22304494000F4C53 /* CGRectExtension.swift */ = {isa = PBXFileReference; lastKnownFileType = sourcecode.swift; path = CGRectExtension.swift; sourceTree = "<group>"; };
		DAA7D4E22085690F00E62E04 /* SettingsTableViewCell.swift */ = {isa = PBXFileReference; lastKnownFileType = sourcecode.swift; path = SettingsTableViewCell.swift; sourceTree = "<group>"; };
		DAA7D4E8208598D800E62E04 /* ProfileImage.swift */ = {isa = PBXFileReference; lastKnownFileType = sourcecode.swift; path = ProfileImage.swift; sourceTree = "<group>"; };
		DACCF2632131C86100FAD6B5 /* HelpTableViewCell.swift */ = {isa = PBXFileReference; lastKnownFileType = sourcecode.swift; path = HelpTableViewCell.swift; sourceTree = "<group>"; };
		DACCF2662131DBD000FAD6B5 /* Raleway */ = {isa = PBXFileReference; lastKnownFileType = folder; path = Raleway; sourceTree = "<group>"; };
		DACCF2672131DBD100FAD6B5 /* Comfortaa */ = {isa = PBXFileReference; lastKnownFileType = folder; path = Comfortaa; sourceTree = "<group>"; };
		DACEDEC020914EBB0011F978 /* LogoutViewController.swift */ = {isa = PBXFileReference; lastKnownFileType = sourcecode.swift; path = LogoutViewController.swift; sourceTree = "<group>"; };
		DAD432F6203D02240033EF35 /* awsconfiguration.json */ = {isa = PBXFileReference; fileEncoding = 4; lastKnownFileType = text.json; path = awsconfiguration.json; sourceTree = "<group>"; };
		DAD432F8203D03F70033EF35 /* User.swift */ = {isa = PBXFileReference; fileEncoding = 4; lastKnownFileType = sourcecode.swift; path = User.swift; sourceTree = "<group>"; };
		DAD432FA203F989B0033EF35 /* SafariServices.framework */ = {isa = PBXFileReference; lastKnownFileType = wrapper.framework; name = SafariServices.framework; path = System/Library/Frameworks/SafariServices.framework; sourceTree = SDKROOT; };
		DAD432FC203F98A20033EF35 /* SystemConfiguration.framework */ = {isa = PBXFileReference; lastKnownFileType = wrapper.framework; name = SystemConfiguration.framework; path = System/Library/Frameworks/SystemConfiguration.framework; sourceTree = SDKROOT; };
		DAD432FE203F9AE30033EF35 /* FacebookProvider.swift */ = {isa = PBXFileReference; lastKnownFileType = sourcecode.swift; path = FacebookProvider.swift; sourceTree = "<group>"; };
		DAD4330420411FB60033EF35 /* ScannerViewController.swift */ = {isa = PBXFileReference; lastKnownFileType = sourcecode.swift; path = ScannerViewController.swift; sourceTree = "<group>"; };
		DAD96CF52043458000F1525E /* QRCodeViewController.swift */ = {isa = PBXFileReference; lastKnownFileType = sourcecode.swift; path = QRCodeViewController.swift; sourceTree = "<group>"; };
		DAD96CF72043522C00F1525E /* SettingsViewController.swift */ = {isa = PBXFileReference; lastKnownFileType = sourcecode.swift; path = SettingsViewController.swift; sourceTree = "<group>"; };
		DAD96CFB2044C1FF00F1525E /* CustomButton.swift */ = {isa = PBXFileReference; lastKnownFileType = sourcecode.swift; path = CustomButton.swift; sourceTree = "<group>"; };
		DAD96CFD2045F0ED00F1525E /* AddAppViewController.swift */ = {isa = PBXFileReference; lastKnownFileType = sourcecode.swift; path = AddAppViewController.swift; sourceTree = "<group>"; };
		DAD96CFF2045F59F00F1525E /* CollectionViewCell.swift */ = {isa = PBXFileReference; lastKnownFileType = sourcecode.swift; path = CollectionViewCell.swift; sourceTree = "<group>"; };
		DAD96D092046399500F1525E /* AppsTableViewCell.swift */ = {isa = PBXFileReference; lastKnownFileType = sourcecode.swift; path = AppsTableViewCell.swift; sourceTree = "<group>"; };
		DADA5B5C208BCC01009BC5B2 /* ChooseSettingsTableViewController.swift */ = {isa = PBXFileReference; lastKnownFileType = sourcecode.swift; path = ChooseSettingsTableViewController.swift; sourceTree = "<group>"; };
		DADA5B5E208BCEB4009BC5B2 /* ChooseSettingsTableViewCell.swift */ = {isa = PBXFileReference; lastKnownFileType = sourcecode.swift; path = ChooseSettingsTableViewCell.swift; sourceTree = "<group>"; };
		DAE3A2AA2093D730002689BA /* HalfModalPresentationController.swift */ = {isa = PBXFileReference; lastKnownFileType = sourcecode.swift; path = HalfModalPresentationController.swift; sourceTree = "<group>"; };
		DAE3A2AE2093D775002689BA /* HalfModalInteractiveTransition.swift */ = {isa = PBXFileReference; lastKnownFileType = sourcecode.swift; path = HalfModalInteractiveTransition.swift; sourceTree = "<group>"; };
		DAE3A2B02093D7AE002689BA /* HalfModalTransitionAnimator.swift */ = {isa = PBXFileReference; lastKnownFileType = sourcecode.swift; path = HalfModalTransitionAnimator.swift; sourceTree = "<group>"; };
		DAE3A2B22093D7F5002689BA /* HalfModalTransitioningDelegate.swift */ = {isa = PBXFileReference; lastKnownFileType = sourcecode.swift; path = HalfModalTransitioningDelegate.swift; sourceTree = "<group>"; };
		DAF0791D21265CD90001B961 /* Extensions.swift */ = {isa = PBXFileReference; lastKnownFileType = sourcecode.swift; path = Extensions.swift; sourceTree = "<group>"; };
		DAF0791F2126FBBE0001B961 /* AccountsForProfileViewController.swift */ = {isa = PBXFileReference; lastKnownFileType = sourcecode.swift; path = AccountsForProfileViewController.swift; sourceTree = "<group>"; };
		E216FC02217FF8DA007A2275 /* APICodeParser.swift */ = {isa = PBXFileReference; lastKnownFileType = sourcecode.swift; path = APICodeParser.swift; sourceTree = "<group>"; };
/* End PBXFileReference section */

/* Begin PBXFrameworksBuildPhase section */
		DA6A7EE32037859800E79B47 /* Frameworks */ = {
			isa = PBXFrameworksBuildPhase;
			buildActionMask = 2147483647;
			files = (
				DAD432FD203F98A30033EF35 /* SystemConfiguration.framework in Frameworks */,
				DAD432FB203F989B0033EF35 /* SafariServices.framework in Frameworks */,
				A9078423A73AE248C65E103C /* Pods_LinkUp.framework in Frameworks */,
			);
			runOnlyForDeploymentPostprocessing = 0;
		};
/* End PBXFrameworksBuildPhase section */

/* Begin PBXGroup section */
		62E4FB17A984E8771B0E270D /* Pods */ = {
			isa = PBXGroup;
			children = (
				82DE575B515AAA97684789E8 /* Pods-LinkUp.debug.xcconfig */,
				D549C2ED06E508209DBCB84D /* Pods-LinkUp.release.xcconfig */,
			);
			name = Pods;
			sourceTree = "<group>";
		};
		8E946C241D05378BF40C442A /* Frameworks */ = {
			isa = PBXGroup;
			children = (
				DAD432FC203F98A20033EF35 /* SystemConfiguration.framework */,
				DAD432FA203F989B0033EF35 /* SafariServices.framework */,
				55CE2765784B5B9C64E7AF87 /* Pods_LinkUp.framework */,
				DA10A61821262BD50049D983 /* SwipingCarousel.framework */,
			);
			name = Frameworks;
			sourceTree = "<group>";
		};
		DA6A7EDD2037859800E79B47 = {
			isa = PBXGroup;
			children = (
				DA6A7EE82037859800E79B47 /* LinkUp */,
				DA6A7EE72037859800E79B47 /* Products */,
				62E4FB17A984E8771B0E270D /* Pods */,
				8E946C241D05378BF40C442A /* Frameworks */,
				DAA7D4D5208567BB00E62E04 /* Recovered References */,
			);
			sourceTree = "<group>";
		};
		DA6A7EE72037859800E79B47 /* Products */ = {
			isa = PBXGroup;
			children = (
				DA6A7EE62037859800E79B47 /* LinkUp.app */,
			);
			name = Products;
			sourceTree = "<group>";
		};
		DA6A7EE82037859800E79B47 /* LinkUp */ = {
			isa = PBXGroup;
			children = (
				DACCF2652131DBAE00FAD6B5 /* Fonts */,
				DAF0791F2126FBBE0001B961 /* AccountsForProfileViewController.swift */,
				E216FC02217FF8DA007A2275 /* APICodeParser.swift */,
				DA6A7EE92037859800E79B47 /* AppDelegate.swift */,
				DAD96CFD2045F0ED00F1525E /* AddAppViewController.swift */,
				DAD96D092046399500F1525E /* AppsTableViewCell.swift */,
				DA4388EE2086747000E0CD0D /* CameraViewController.swift */,
				DA10A614212621660049D983 /* Cards.plist */,
				DADA5B5C208BCC01009BC5B2 /* ChooseSettingsTableViewController.swift */,
				DADA5B5E208BCEB4009BC5B2 /* ChooseSettingsTableViewCell.swift */,
				DA2B25F6204E2623004D3160 /* CredentialsManager.swift */,
				DAD96CFF2045F59F00F1525E /* CollectionViewCell.swift */,
				DAD96CFB2044C1FF00F1525E /* CustomButton.swift */,
				DA1B39F92117C070008CE7C6 /* Dataset.swift */,
				DAF0791D21265CD90001B961 /* Extensions.swift */,
				DAD432FE203F9AE30033EF35 /* FacebookProvider.swift */,
				DA68505C205B5FA300BA36DE /* HelpViewController.swift */,
				DACCF2632131C86100FAD6B5 /* HelpTableViewCell.swift */,
				DACEDEC020914EBB0011F978 /* LogoutViewController.swift */,
				DA37EE502125FA9F00A52AD9 /* Main.storyboard */,
				DA37EE452125F68A00A52AD9 /* Profile.swift */,
				DAA7D4E8208598D800E62E04 /* ProfileImage.swift */,
				DA37EE4E2125F9FD00A52AD9 /* ProfileCollectionViewCell.swift */,
				DA929D78212F920800CEFBD6 /* ProfileTableViewCell.swift */,
				DA72C4092139EAA10053F672 /* ScansTableViewController.swift */,
				DA72C40B213E07320053F672 /* Scan.swift */,
				DA72C4072139E95A0053F672 /* ScansTableViewCell.swift */,
				DA84C919212B1E2D00AF84CC /* ScannedTableViewCell.swift */,
				DA72C4132141E45A0053F672 /* ScannedProfileTableViewCell.swift */,
				DAD4330420411FB60033EF35 /* ScannerViewController.swift */,
				DAA7D4E22085690F00E62E04 /* SettingsTableViewCell.swift */,
				DAD96CF72043522C00F1525E /* SettingsViewController.swift */,
				DA72C4152148B8250053F672 /* SingleProfile.swift */,
				DA72C4112141DFE60053F672 /* SingleProfileViewController.swift */,
				DA6A7EEB2037859800E79B47 /* ViewController.swift */,
				DA72C3E721375E940053F672 /* EFIntSize.swift */,
				DA929D7C212FA8C900CEFBD6 /* HorizontalPeekingPagesCollectionViewController.swift */,
				DA5C4718212B86970005FC2E /* MenuViewController.swift */,
				DA5C4716212B37B00005FC2E /* RefreshContents.xib */,
				DAD96CF52043458000F1525E /* QRCodeViewController.swift */,
				DA130A83209643AF00622951 /* EFUIntPixel.swift */,
				DA6A7EF02037859800E79B47 /* Assets.xcassets */,
				DA6A7EF22037859800E79B47 /* LaunchScreen.storyboard */,
				DA1B39F12116366E008CE7C6 /* LaunchScreenViewController.swift */,
				DAD432F8203D03F70033EF35 /* User.swift */,
				DA6A7EF52037859800E79B47 /* Info.plist */,
				DAD432F6203D02240033EF35 /* awsconfiguration.json */,
				DAE3A2AA2093D730002689BA /* HalfModalPresentationController.swift */,
				DAE3A2AE2093D775002689BA /* HalfModalInteractiveTransition.swift */,
				DAE3A2B02093D7AE002689BA /* HalfModalTransitionAnimator.swift */,
				DAE3A2B22093D7F5002689BA /* HalfModalTransitioningDelegate.swift */,
				DA37EE522125FC8100A52AD9 /* AnimatedLaunchScreen.swift */,
				DA9A0EEC22304462000F4C53 /* CustomTransitionViewController.swift */,
				DA9A0EEE22304494000F4C53 /* CGRectExtension.swift */,
				DA9A0EEA22304406000F4C53 /* FadeTransition.swift */,
				DA9A0EE8223043E0000F4C53 /* TransitionButton.swift */,
				DA9A0EE6223043B3000F4C53 /* SpinerLayer.swift */,
			);
			path = LinkUp;
			sourceTree = "<group>";
		};
		DAA7D4D5208567BB00E62E04 /* Recovered References */ = {
			isa = PBXGroup;
			children = (
			);
			name = "Recovered References";
			sourceTree = "<group>";
		};
		DACCF2652131DBAE00FAD6B5 /* Fonts */ = {
			isa = PBXGroup;
			children = (
				DA72C40D213F65DB0053F672 /* Accounts.swift */,
				DA10A611212606F00049D983 /* trench100free.otf */,
				DA10A610212606EF0049D983 /* trench100free.ttf */,
				DACCF2672131DBD100FAD6B5 /* Comfortaa */,
				DACCF2662131DBD000FAD6B5 /* Raleway */,
			);
			path = Fonts;
			sourceTree = "<group>";
		};
/* End PBXGroup section */

/* Begin PBXNativeTarget section */
		DA6A7EE52037859800E79B47 /* LinkUp */ = {
			isa = PBXNativeTarget;
			buildConfigurationList = DA6A7EF82037859800E79B47 /* Build configuration list for PBXNativeTarget "LinkUp" */;
			buildPhases = (
				BDF905B8AE11B16302A9CA90 /* [CP] Check Pods Manifest.lock */,
				DA6A7EE22037859800E79B47 /* Sources */,
				DA6A7EE32037859800E79B47 /* Frameworks */,
				DA6A7EE42037859800E79B47 /* Resources */,
				D3364EABB47362E6D4221A3E /* [CP] Embed Pods Frameworks */,
				AE2ED45769DE297E4D64EF4F /* [CP] Copy Pods Resources */,
			);
			buildRules = (
			);
			dependencies = (
			);
			name = LinkUp;
			productName = AddMe;
			productReference = DA6A7EE62037859800E79B47 /* LinkUp.app */;
			productType = "com.apple.product-type.application";
		};
/* End PBXNativeTarget section */

/* Begin PBXProject section */
		DA6A7EDE2037859800E79B47 /* Project object */ = {
			isa = PBXProject;
			attributes = {
				LastSwiftUpdateCheck = 0920;
				LastUpgradeCheck = 0920;
				ORGANIZATIONNAME = "Christopher Deck";
				TargetAttributes = {
					DA6A7EE52037859800E79B47 = {
						CreatedOnToolsVersion = 9.2;
						LastSwiftMigration = 1000;
						ProvisioningStyle = Automatic;
					};
				};
			};
			buildConfigurationList = DA6A7EE12037859800E79B47 /* Build configuration list for PBXProject "LinkUp" */;
			compatibilityVersion = "Xcode 8.0";
			developmentRegion = en;
			hasScannedForEncodings = 0;
			knownRegions = (
				en,
				Base,
			);
			mainGroup = DA6A7EDD2037859800E79B47;
			productRefGroup = DA6A7EE72037859800E79B47 /* Products */;
			projectDirPath = "";
			projectRoot = "";
			targets = (
				DA6A7EE52037859800E79B47 /* LinkUp */,
			);
		};
/* End PBXProject section */

/* Begin PBXResourcesBuildPhase section */
		DA6A7EE42037859800E79B47 /* Resources */ = {
			isa = PBXResourcesBuildPhase;
			buildActionMask = 2147483647;
			files = (
				DACCF2682131DBD100FAD6B5 /* Raleway in Resources */,
				DAD432F7203D02240033EF35 /* awsconfiguration.json in Resources */,
				DA5C4717212B37B00005FC2E /* RefreshContents.xib in Resources */,
				DA10A612212606FF0049D983 /* trench100free.otf in Resources */,
				DA10A613212607010049D983 /* trench100free.ttf in Resources */,
				DA10A615212621660049D983 /* Cards.plist in Resources */,
				DA6A7EF42037859800E79B47 /* LaunchScreen.storyboard in Resources */,
				DA6A7EF12037859800E79B47 /* Assets.xcassets in Resources */,
				DA37EE512125FA9F00A52AD9 /* Main.storyboard in Resources */,
				DACCF2692131DBD100FAD6B5 /* Comfortaa in Resources */,
			);
			runOnlyForDeploymentPostprocessing = 0;
		};
/* End PBXResourcesBuildPhase section */

/* Begin PBXShellScriptBuildPhase section */
		AE2ED45769DE297E4D64EF4F /* [CP] Copy Pods Resources */ = {
			isa = PBXShellScriptBuildPhase;
			buildActionMask = 2147483647;
			files = (
			);
			inputPaths = (
				"${PODS_ROOT}/Target Support Files/Pods-LinkUp/Pods-LinkUp-resources.sh",
				"${PODS_ROOT}/GoogleSignIn/Resources/GoogleSignIn.bundle",
			);
			name = "[CP] Copy Pods Resources";
			outputPaths = (
				"${TARGET_BUILD_DIR}/${UNLOCALIZED_RESOURCES_FOLDER_PATH}/GoogleSignIn.bundle",
			);
			runOnlyForDeploymentPostprocessing = 0;
			shellPath = /bin/sh;
			shellScript = "\"${PODS_ROOT}/Target Support Files/Pods-LinkUp/Pods-LinkUp-resources.sh\"\n";
			showEnvVarsInLog = 0;
		};
		BDF905B8AE11B16302A9CA90 /* [CP] Check Pods Manifest.lock */ = {
			isa = PBXShellScriptBuildPhase;
			buildActionMask = 2147483647;
			files = (
			);
			inputPaths = (
				"${PODS_PODFILE_DIR_PATH}/Podfile.lock",
				"${PODS_ROOT}/Manifest.lock",
			);
			name = "[CP] Check Pods Manifest.lock";
			outputPaths = (
				"$(DERIVED_FILE_DIR)/Pods-LinkUp-checkManifestLockResult.txt",
			);
			runOnlyForDeploymentPostprocessing = 0;
			shellPath = /bin/sh;
			shellScript = "diff \"${PODS_PODFILE_DIR_PATH}/Podfile.lock\" \"${PODS_ROOT}/Manifest.lock\" > /dev/null\nif [ $? != 0 ] ; then\n    # print error to STDERR\n    echo \"error: The sandbox is not in sync with the Podfile.lock. Run 'pod install' or update your CocoaPods installation.\" >&2\n    exit 1\nfi\n# This output is used by Xcode 'outputs' to avoid re-running this script phase.\necho \"SUCCESS\" > \"${SCRIPT_OUTPUT_FILE_0}\"\n";
			showEnvVarsInLog = 0;
		};
		D3364EABB47362E6D4221A3E /* [CP] Embed Pods Frameworks */ = {
			isa = PBXShellScriptBuildPhase;
			buildActionMask = 2147483647;
			files = (
			);
			inputPaths = (
				"${PODS_ROOT}/Target Support Files/Pods-LinkUp/Pods-LinkUp-frameworks.sh",
				"${BUILT_PRODUCTS_DIR}/AWSAuthCore/AWSAuthCore.framework",
				"${BUILT_PRODUCTS_DIR}/AWSAuthUI/AWSAuthUI.framework",
				"${BUILT_PRODUCTS_DIR}/AWSCognito/AWSCognito.framework",
				"${BUILT_PRODUCTS_DIR}/AWSCognitoIdentityProvider/AWSCognitoIdentityProvider.framework",
				"${BUILT_PRODUCTS_DIR}/AWSCognitoIdentityProviderASF/AWSCognitoIdentityProviderASF.framework",
				"${BUILT_PRODUCTS_DIR}/AWSCore/AWSCore.framework",
				"${BUILT_PRODUCTS_DIR}/AWSFacebookSignIn/AWSFacebookSignIn.framework",
				"${BUILT_PRODUCTS_DIR}/AWSGoogleSignIn/AWSGoogleSignIn.framework",
				"${BUILT_PRODUCTS_DIR}/AWSMobileClient/AWSMobileClient.framework",
				"${BUILT_PRODUCTS_DIR}/AWSUserPoolsSignIn/AWSUserPoolsSignIn.framework",
				"${BUILT_PRODUCTS_DIR}/Bolts/Bolts.framework",
				"${BUILT_PRODUCTS_DIR}/FBSDKCoreKit/FBSDKCoreKit.framework",
				"${BUILT_PRODUCTS_DIR}/FBSDKLoginKit/FBSDKLoginKit.framework",
				"${BUILT_PRODUCTS_DIR}/FCAlertView/FCAlertView.framework",
				"${BUILT_PRODUCTS_DIR}/FacebookCore/FacebookCore.framework",
				"${BUILT_PRODUCTS_DIR}/GTMSessionFetcher/GTMSessionFetcher.framework",
				"${BUILT_PRODUCTS_DIR}/GoogleToolboxForMac/GoogleToolboxForMac.framework",
				"${BUILT_PRODUCTS_DIR}/SDWebImage/SDWebImage.framework",
				"${BUILT_PRODUCTS_DIR}/Sheeeeeeeeet/Sheeeeeeeeet.framework",
			);
			name = "[CP] Embed Pods Frameworks";
			outputPaths = (
				"${TARGET_BUILD_DIR}/${FRAMEWORKS_FOLDER_PATH}/AWSAuthCore.framework",
				"${TARGET_BUILD_DIR}/${FRAMEWORKS_FOLDER_PATH}/AWSAuthUI.framework",
				"${TARGET_BUILD_DIR}/${FRAMEWORKS_FOLDER_PATH}/AWSCognito.framework",
				"${TARGET_BUILD_DIR}/${FRAMEWORKS_FOLDER_PATH}/AWSCognitoIdentityProvider.framework",
				"${TARGET_BUILD_DIR}/${FRAMEWORKS_FOLDER_PATH}/AWSCognitoIdentityProviderASF.framework",
				"${TARGET_BUILD_DIR}/${FRAMEWORKS_FOLDER_PATH}/AWSCore.framework",
				"${TARGET_BUILD_DIR}/${FRAMEWORKS_FOLDER_PATH}/AWSFacebookSignIn.framework",
				"${TARGET_BUILD_DIR}/${FRAMEWORKS_FOLDER_PATH}/AWSGoogleSignIn.framework",
				"${TARGET_BUILD_DIR}/${FRAMEWORKS_FOLDER_PATH}/AWSMobileClient.framework",
				"${TARGET_BUILD_DIR}/${FRAMEWORKS_FOLDER_PATH}/AWSUserPoolsSignIn.framework",
				"${TARGET_BUILD_DIR}/${FRAMEWORKS_FOLDER_PATH}/Bolts.framework",
				"${TARGET_BUILD_DIR}/${FRAMEWORKS_FOLDER_PATH}/FBSDKCoreKit.framework",
				"${TARGET_BUILD_DIR}/${FRAMEWORKS_FOLDER_PATH}/FBSDKLoginKit.framework",
				"${TARGET_BUILD_DIR}/${FRAMEWORKS_FOLDER_PATH}/FCAlertView.framework",
				"${TARGET_BUILD_DIR}/${FRAMEWORKS_FOLDER_PATH}/FacebookCore.framework",
				"${TARGET_BUILD_DIR}/${FRAMEWORKS_FOLDER_PATH}/GTMSessionFetcher.framework",
				"${TARGET_BUILD_DIR}/${FRAMEWORKS_FOLDER_PATH}/GoogleToolboxForMac.framework",
				"${TARGET_BUILD_DIR}/${FRAMEWORKS_FOLDER_PATH}/SDWebImage.framework",
				"${TARGET_BUILD_DIR}/${FRAMEWORKS_FOLDER_PATH}/Sheeeeeeeeet.framework",
			);
			runOnlyForDeploymentPostprocessing = 0;
			shellPath = /bin/sh;
			shellScript = "\"${PODS_ROOT}/Target Support Files/Pods-LinkUp/Pods-LinkUp-frameworks.sh\"\n";
			showEnvVarsInLog = 0;
		};
/* End PBXShellScriptBuildPhase section */

/* Begin PBXSourcesBuildPhase section */
		DA6A7EE22037859800E79B47 /* Sources */ = {
			isa = PBXSourcesBuildPhase;
			buildActionMask = 2147483647;
			files = (
				DAF079202126FBBE0001B961 /* AccountsForProfileViewController.swift in Sources */,
				DA4388EF2086747000E0CD0D /* CameraViewController.swift in Sources */,
				DA130A84209643AF00622951 /* EFUIntPixel.swift in Sources */,
				DAD96CF62043458000F1525E /* QRCodeViewController.swift in Sources */,
				DA72C4122141DFE60053F672 /* SingleProfileViewController.swift in Sources */,
				DA84C91A212B1E2D00AF84CC /* ScannedTableViewCell.swift in Sources */,
				DA37EE532125FC8100A52AD9 /* AnimatedLaunchScreen.swift in Sources */,
				DAD96CFE2045F0ED00F1525E /* AddAppViewController.swift in Sources */,
				DAD96CFC2044C1FF00F1525E /* CustomButton.swift in Sources */,
				DA1B39FA2117C070008CE7C6 /* Dataset.swift in Sources */,
				DA9A0EEB22304406000F4C53 /* FadeTransition.swift in Sources */,
				DA6A7EEC2037859800E79B47 /* ViewController.swift in Sources */,
				DA72C40A2139EAA10053F672 /* ScansTableViewController.swift in Sources */,
				DAE3A2B32093D7F5002689BA /* HalfModalTransitioningDelegate.swift in Sources */,
				DA37EE4F2125F9FD00A52AD9 /* ProfileCollectionViewCell.swift in Sources */,
				DA9A0EED22304462000F4C53 /* CustomTransitionViewController.swift in Sources */,
				DA2B25F7204E2623004D3160 /* CredentialsManager.swift in Sources */,
				DA72C3E821375E940053F672 /* EFIntSize.swift in Sources */,
				DAD96CF82043522C00F1525E /* SettingsViewController.swift in Sources */,
				DAD96D0A2046399500F1525E /* AppsTableViewCell.swift in Sources */,
				DA929D7D212FA8C900CEFBD6 /* HorizontalPeekingPagesCollectionViewController.swift in Sources */,
				DA72C40C213E07320053F672 /* Scan.swift in Sources */,
				DA6A7EEA2037859800E79B47 /* AppDelegate.swift in Sources */,
				DA68505D205B5FA300BA36DE /* HelpViewController.swift in Sources */,
				E216FC03217FF8DA007A2275 /* APICodeParser.swift in Sources */,
				DAE3A2AB2093D730002689BA /* HalfModalPresentationController.swift in Sources */,
				DA72C4142141E45A0053F672 /* ScannedProfileTableViewCell.swift in Sources */,
				DA72C40E213F65DB0053F672 /* Accounts.swift in Sources */,
				DA72C4082139E95A0053F672 /* ScansTableViewCell.swift in Sources */,
				DAA7D4E9208598D800E62E04 /* ProfileImage.swift in Sources */,
				DAD432FF203F9AE30033EF35 /* FacebookProvider.swift in Sources */,
				DA9A0EE9223043E0000F4C53 /* TransitionButton.swift in Sources */,
				DAD4330520411FB60033EF35 /* ScannerViewController.swift in Sources */,
				DAD432F9203D03F70033EF35 /* User.swift in Sources */,
				DADA5B5F208BCEB4009BC5B2 /* ChooseSettingsTableViewCell.swift in Sources */,
				DAE3A2AF2093D775002689BA /* HalfModalInteractiveTransition.swift in Sources */,
				DA37EE462125F68A00A52AD9 /* Profile.swift in Sources */,
				DA9A0EE7223043B3000F4C53 /* SpinerLayer.swift in Sources */,
				DA72C4162148B8250053F672 /* SingleProfile.swift in Sources */,
				DADA5B5D208BCC01009BC5B2 /* ChooseSettingsTableViewController.swift in Sources */,
				DACCF2642131C86100FAD6B5 /* HelpTableViewCell.swift in Sources */,
				DAE3A2B12093D7AE002689BA /* HalfModalTransitionAnimator.swift in Sources */,
				DA929D79212F920800CEFBD6 /* ProfileTableViewCell.swift in Sources */,
				DAA7D4E32085690F00E62E04 /* SettingsTableViewCell.swift in Sources */,
				DA5C4719212B86970005FC2E /* MenuViewController.swift in Sources */,
				DA9A0EEF22304494000F4C53 /* CGRectExtension.swift in Sources */,
				DACEDEC120914EBB0011F978 /* LogoutViewController.swift in Sources */,
				DAF0791E21265CD90001B961 /* Extensions.swift in Sources */,
				DA1B39F22116366E008CE7C6 /* LaunchScreenViewController.swift in Sources */,
				DAD96D002045F59F00F1525E /* CollectionViewCell.swift in Sources */,
			);
			runOnlyForDeploymentPostprocessing = 0;
		};
/* End PBXSourcesBuildPhase section */

/* Begin PBXVariantGroup section */
		DA6A7EF22037859800E79B47 /* LaunchScreen.storyboard */ = {
			isa = PBXVariantGroup;
			children = (
				DA6A7EF32037859800E79B47 /* Base */,
			);
			name = LaunchScreen.storyboard;
			sourceTree = "<group>";
		};
/* End PBXVariantGroup section */

/* Begin XCBuildConfiguration section */
		DA6A7EF62037859800E79B47 /* Debug */ = {
			isa = XCBuildConfiguration;
			buildSettings = {
				ALWAYS_SEARCH_USER_PATHS = NO;
				CLANG_ANALYZER_NONNULL = YES;
				CLANG_ANALYZER_NUMBER_OBJECT_CONVERSION = YES_AGGRESSIVE;
				CLANG_CXX_LANGUAGE_STANDARD = "gnu++14";
				CLANG_CXX_LIBRARY = "libc++";
				CLANG_ENABLE_MODULES = YES;
				CLANG_ENABLE_OBJC_ARC = YES;
				CLANG_WARN_BLOCK_CAPTURE_AUTORELEASING = YES;
				CLANG_WARN_BOOL_CONVERSION = YES;
				CLANG_WARN_COMMA = YES;
				CLANG_WARN_CONSTANT_CONVERSION = YES;
				CLANG_WARN_DIRECT_OBJC_ISA_USAGE = YES_ERROR;
				CLANG_WARN_DOCUMENTATION_COMMENTS = YES;
				CLANG_WARN_EMPTY_BODY = YES;
				CLANG_WARN_ENUM_CONVERSION = YES;
				CLANG_WARN_INFINITE_RECURSION = YES;
				CLANG_WARN_INT_CONVERSION = YES;
				CLANG_WARN_NON_LITERAL_NULL_CONVERSION = YES;
				CLANG_WARN_OBJC_LITERAL_CONVERSION = YES;
				CLANG_WARN_OBJC_ROOT_CLASS = YES_ERROR;
				CLANG_WARN_RANGE_LOOP_ANALYSIS = YES;
				CLANG_WARN_STRICT_PROTOTYPES = YES;
				CLANG_WARN_SUSPICIOUS_MOVE = YES;
				CLANG_WARN_UNGUARDED_AVAILABILITY = YES_AGGRESSIVE;
				CLANG_WARN_UNREACHABLE_CODE = YES;
				CLANG_WARN__DUPLICATE_METHOD_MATCH = YES;
				CODE_SIGN_IDENTITY = "iPhone Developer";
				COPY_PHASE_STRIP = NO;
				DEBUG_INFORMATION_FORMAT = dwarf;
				ENABLE_STRICT_OBJC_MSGSEND = YES;
				ENABLE_TESTABILITY = YES;
				GCC_C_LANGUAGE_STANDARD = gnu11;
				GCC_DYNAMIC_NO_PIC = NO;
				GCC_NO_COMMON_BLOCKS = YES;
				GCC_OPTIMIZATION_LEVEL = 0;
				GCC_PREPROCESSOR_DEFINITIONS = (
					"DEBUG=1",
					"$(inherited)",
				);
				GCC_WARN_64_TO_32_BIT_CONVERSION = YES;
				GCC_WARN_ABOUT_RETURN_TYPE = YES_ERROR;
				GCC_WARN_UNDECLARED_SELECTOR = YES;
				GCC_WARN_UNINITIALIZED_AUTOS = YES_AGGRESSIVE;
				GCC_WARN_UNUSED_FUNCTION = YES;
				GCC_WARN_UNUSED_VARIABLE = YES;
				IPHONEOS_DEPLOYMENT_TARGET = 11.2;
				MTL_ENABLE_DEBUG_INFO = YES;
				ONLY_ACTIVE_ARCH = YES;
				SDKROOT = iphoneos;
				SWIFT_ACTIVE_COMPILATION_CONDITIONS = DEBUG;
				SWIFT_OPTIMIZATION_LEVEL = "-Onone";
			};
			name = Debug;
		};
		DA6A7EF72037859800E79B47 /* Release */ = {
			isa = XCBuildConfiguration;
			buildSettings = {
				ALWAYS_SEARCH_USER_PATHS = NO;
				CLANG_ANALYZER_NONNULL = YES;
				CLANG_ANALYZER_NUMBER_OBJECT_CONVERSION = YES_AGGRESSIVE;
				CLANG_CXX_LANGUAGE_STANDARD = "gnu++14";
				CLANG_CXX_LIBRARY = "libc++";
				CLANG_ENABLE_MODULES = YES;
				CLANG_ENABLE_OBJC_ARC = YES;
				CLANG_WARN_BLOCK_CAPTURE_AUTORELEASING = YES;
				CLANG_WARN_BOOL_CONVERSION = YES;
				CLANG_WARN_COMMA = YES;
				CLANG_WARN_CONSTANT_CONVERSION = YES;
				CLANG_WARN_DIRECT_OBJC_ISA_USAGE = YES_ERROR;
				CLANG_WARN_DOCUMENTATION_COMMENTS = YES;
				CLANG_WARN_EMPTY_BODY = YES;
				CLANG_WARN_ENUM_CONVERSION = YES;
				CLANG_WARN_INFINITE_RECURSION = YES;
				CLANG_WARN_INT_CONVERSION = YES;
				CLANG_WARN_NON_LITERAL_NULL_CONVERSION = YES;
				CLANG_WARN_OBJC_LITERAL_CONVERSION = YES;
				CLANG_WARN_OBJC_ROOT_CLASS = YES_ERROR;
				CLANG_WARN_RANGE_LOOP_ANALYSIS = YES;
				CLANG_WARN_STRICT_PROTOTYPES = YES;
				CLANG_WARN_SUSPICIOUS_MOVE = YES;
				CLANG_WARN_UNGUARDED_AVAILABILITY = YES_AGGRESSIVE;
				CLANG_WARN_UNREACHABLE_CODE = YES;
				CLANG_WARN__DUPLICATE_METHOD_MATCH = YES;
				CODE_SIGN_IDENTITY = "iPhone Developer";
				COPY_PHASE_STRIP = NO;
				DEBUG_INFORMATION_FORMAT = "dwarf-with-dsym";
				ENABLE_NS_ASSERTIONS = NO;
				ENABLE_STRICT_OBJC_MSGSEND = YES;
				GCC_C_LANGUAGE_STANDARD = gnu11;
				GCC_NO_COMMON_BLOCKS = YES;
				GCC_WARN_64_TO_32_BIT_CONVERSION = YES;
				GCC_WARN_ABOUT_RETURN_TYPE = YES_ERROR;
				GCC_WARN_UNDECLARED_SELECTOR = YES;
				GCC_WARN_UNINITIALIZED_AUTOS = YES_AGGRESSIVE;
				GCC_WARN_UNUSED_FUNCTION = YES;
				GCC_WARN_UNUSED_VARIABLE = YES;
				IPHONEOS_DEPLOYMENT_TARGET = 11.2;
				MTL_ENABLE_DEBUG_INFO = NO;
				SDKROOT = iphoneos;
				SWIFT_OPTIMIZATION_LEVEL = "-Owholemodule";
				VALIDATE_PRODUCT = YES;
			};
			name = Release;
		};
		DA6A7EF92037859800E79B47 /* Debug */ = {
			isa = XCBuildConfiguration;
			baseConfigurationReference = 82DE575B515AAA97684789E8 /* Pods-LinkUp.debug.xcconfig */;
			buildSettings = {
				ASSETCATALOG_COMPILER_APPICON_NAME = AppIcon;
				CODE_SIGN_IDENTITY = "iPhone Developer";
				CODE_SIGN_STYLE = Automatic;
				DEVELOPMENT_TEAM = YL6P5CDG5A;
				FRAMEWORK_SEARCH_PATHS = (
					"$(inherited)",
					"$(PROJECT_DIR)/Carthage/Build/iOS",
				);
				INFOPLIST_FILE = "$(SRCROOT)/LinkUp/Info.plist";
				IPHONEOS_DEPLOYMENT_TARGET = 10.0;
				LD_RUNPATH_SEARCH_PATHS = "$(inherited) @executable_path/Frameworks";
				PRODUCT_BUNDLE_IDENTIFIER = chrisdeck;
				PRODUCT_NAME = "$(TARGET_NAME)";
				PROVISIONING_PROFILE_SPECIFIER = "";
				SWIFT_VERSION = 4.2;
				TARGETED_DEVICE_FAMILY = "1,2";
			};
			name = Debug;
		};
		DA6A7EFA2037859800E79B47 /* Release */ = {
			isa = XCBuildConfiguration;
			baseConfigurationReference = D549C2ED06E508209DBCB84D /* Pods-LinkUp.release.xcconfig */;
			buildSettings = {
				ASSETCATALOG_COMPILER_APPICON_NAME = AppIcon;
				CODE_SIGN_IDENTITY = "iPhone Developer";
				CODE_SIGN_STYLE = Automatic;
				DEVELOPMENT_TEAM = YL6P5CDG5A;
				FRAMEWORK_SEARCH_PATHS = (
					"$(inherited)",
					"$(PROJECT_DIR)/Carthage/Build/iOS",
				);
				INFOPLIST_FILE = "$(SRCROOT)/LinkUp/Info.plist";
				IPHONEOS_DEPLOYMENT_TARGET = 10.0;
				LD_RUNPATH_SEARCH_PATHS = "$(inherited) @executable_path/Frameworks";
				PRODUCT_BUNDLE_IDENTIFIER = chrisdeck;
				PRODUCT_NAME = "$(TARGET_NAME)";
				PROVISIONING_PROFILE_SPECIFIER = "";
				SWIFT_VERSION = 4.2;
				TARGETED_DEVICE_FAMILY = "1,2";
			};
			name = Release;
		};
/* End XCBuildConfiguration section */

/* Begin XCConfigurationList section */
		DA6A7EE12037859800E79B47 /* Build configuration list for PBXProject "LinkUp" */ = {
			isa = XCConfigurationList;
			buildConfigurations = (
				DA6A7EF62037859800E79B47 /* Debug */,
				DA6A7EF72037859800E79B47 /* Release */,
			);
			defaultConfigurationIsVisible = 0;
			defaultConfigurationName = Release;
		};
		DA6A7EF82037859800E79B47 /* Build configuration list for PBXNativeTarget "LinkUp" */ = {
			isa = XCConfigurationList;
			buildConfigurations = (
				DA6A7EF92037859800E79B47 /* Debug */,
				DA6A7EFA2037859800E79B47 /* Release */,
			);
			defaultConfigurationIsVisible = 0;
			defaultConfigurationName = Release;
		};
/* End XCConfigurationList section */
	};
	rootObject = DA6A7EDE2037859800E79B47 /* Project object */;
}
